// !$*UTF8*$!
{
	archiveVersion = 1;
	classes = {
	};
	objectVersion = 46;
	objects = {

/* Begin PBXAggregateTarget section */
		42BEDB6C16CE2B83006DF652 /* TE Docs */ = {
			isa = PBXAggregateTarget;
			buildConfigurationList = 42BEDB6F16CE2B83006DF652 /* Build configuration list for PBXAggregateTarget "TE Docs" */;
			buildPhases = (
			);
			dependencies = (
			);
			name = "TE Docs";
			productName = "TE Docs";
		};
/* End PBXAggregateTarget section */

/* Begin PBXBuildFile section */
		4202873316CC241600F2C92A /* NSString+dateValue.h in Headers */ = {isa = PBXBuildFile; fileRef = 4202873116CC241600F2C92A /* NSString+dateValue.h */; settings = {ATTRIBUTES = (Public, ); }; };
		4202873416CC241600F2C92A /* NSString+dateValue.m in Sources */ = {isa = PBXBuildFile; fileRef = 4202873216CC241600F2C92A /* NSString+dateValue.m */; };
		4202873716CC245E00F2C92A /* NSDate+stringValue.h in Headers */ = {isa = PBXBuildFile; fileRef = 4202873516CC245E00F2C92A /* NSDate+stringValue.h */; settings = {ATTRIBUTES = (Public, ); }; };
		4202873816CC245E00F2C92A /* NSDate+stringValue.m in Sources */ = {isa = PBXBuildFile; fileRef = 4202873616CC245E00F2C92A /* NSDate+stringValue.m */; };
		420D1AA0165BF5020097EE03 /* Cocoa.framework in Frameworks */ = {isa = PBXBuildFile; fileRef = 420D1A9F165BF5020097EE03 /* Cocoa.framework */; };
		420D1AAA165BF5020097EE03 /* InfoPlist.strings in Resources */ = {isa = PBXBuildFile; fileRef = 420D1AA8165BF5020097EE03 /* InfoPlist.strings */; };
		420D1AC6165BF54D0097EE03 /* NSArray+orNull.h in Headers */ = {isa = PBXBuildFile; fileRef = 420D1AB5165BF54D0097EE03 /* NSArray+orNull.h */; settings = {ATTRIBUTES = (Public, ); }; };
		420D1AC7165BF54D0097EE03 /* NSArray+orNull.m in Sources */ = {isa = PBXBuildFile; fileRef = 420D1AB6165BF54D0097EE03 /* NSArray+orNull.m */; };
		420D1AC8165BF54D0097EE03 /* NSObject+isNull.h in Headers */ = {isa = PBXBuildFile; fileRef = 420D1AB7165BF54D0097EE03 /* NSObject+isNull.h */; settings = {ATTRIBUTES = (Public, ); }; };
		420D1AC9165BF54D0097EE03 /* NSObject+isNull.m in Sources */ = {isa = PBXBuildFile; fileRef = 420D1AB8165BF54D0097EE03 /* NSObject+isNull.m */; };
		420D1ACA165BF54D0097EE03 /* NSString+isEmpty.h in Headers */ = {isa = PBXBuildFile; fileRef = 420D1AB9165BF54D0097EE03 /* NSString+isEmpty.h */; settings = {ATTRIBUTES = (Public, ); }; };
		420D1ACB165BF54D0097EE03 /* NSString+isEmpty.m in Sources */ = {isa = PBXBuildFile; fileRef = 420D1ABA165BF54D0097EE03 /* NSString+isEmpty.m */; };
		420D1ACC165BF54D0097EE03 /* NSDictionary+plistValue.h in Headers */ = {isa = PBXBuildFile; fileRef = 420D1ABC165BF54D0097EE03 /* NSDictionary+plistValue.h */; settings = {ATTRIBUTES = (Public, ); }; };
		420D1ACD165BF54D0097EE03 /* NSDictionary+plistValue.m in Sources */ = {isa = PBXBuildFile; fileRef = 420D1ABD165BF54D0097EE03 /* NSDictionary+plistValue.m */; };
		420D1ACE165BF54D0097EE03 /* NSString+dataValue.h in Headers */ = {isa = PBXBuildFile; fileRef = 420D1ABE165BF54D0097EE03 /* NSString+dataValue.h */; settings = {ATTRIBUTES = (Public, ); }; };
		420D1ACF165BF54D0097EE03 /* NSString+dataValue.m in Sources */ = {isa = PBXBuildFile; fileRef = 420D1ABF165BF54D0097EE03 /* NSString+dataValue.m */; };
		420D1AD0165BF54D0097EE03 /* NSString+isNumber.h in Headers */ = {isa = PBXBuildFile; fileRef = 420D1AC0165BF54D0097EE03 /* NSString+isNumber.h */; settings = {ATTRIBUTES = (Public, ); }; };
		420D1AD1165BF54D0097EE03 /* NSString+isNumber.m in Sources */ = {isa = PBXBuildFile; fileRef = 420D1AC1165BF54D0097EE03 /* NSString+isNumber.m */; };
		420D1AD2165BF54D0097EE03 /* NSString+numberValue.h in Headers */ = {isa = PBXBuildFile; fileRef = 420D1AC2165BF54D0097EE03 /* NSString+numberValue.h */; settings = {ATTRIBUTES = (Public, ); }; };
		420D1AD3165BF54D0097EE03 /* NSString+numberValue.m in Sources */ = {isa = PBXBuildFile; fileRef = 420D1AC3165BF54D0097EE03 /* NSString+numberValue.m */; };
		420D1AD4165BF54D0097EE03 /* NSString+plistValue.h in Headers */ = {isa = PBXBuildFile; fileRef = 420D1AC4165BF54D0097EE03 /* NSString+plistValue.h */; settings = {ATTRIBUTES = (Public, ); }; };
		420D1AD5165BF54D0097EE03 /* NSString+plistValue.m in Sources */ = {isa = PBXBuildFile; fileRef = 420D1AC5165BF54D0097EE03 /* NSString+plistValue.m */; };
		423ABBDE17A334B7004F289D /* NSString+characterAtIndexSubscript.h in Headers */ = {isa = PBXBuildFile; fileRef = 423ABBDC17A334B7004F289D /* NSString+characterAtIndexSubscript.h */; settings = {ATTRIBUTES = (Public, ); }; };
		423ABBDF17A334B7004F289D /* NSString+characterAtIndexSubscript.m in Sources */ = {isa = PBXBuildFile; fileRef = 423ABBDD17A334B7004F289D /* NSString+characterAtIndexSubscript.m */; };
		42744BC01715E3E300A81B7C /* NSObject+abstractClass.h in Headers */ = {isa = PBXBuildFile; fileRef = 42744BBE1715E3E300A81B7C /* NSObject+abstractClass.h */; settings = {ATTRIBUTES = (Public, ); }; };
		42744BC11715E3E300A81B7C /* NSObject+abstractClass.m in Sources */ = {isa = PBXBuildFile; fileRef = 42744BBF1715E3E300A81B7C /* NSObject+abstractClass.m */; };
		4291FF3816C57EA4000538EF /* NSString+orNull.h in Headers */ = {isa = PBXBuildFile; fileRef = 4291FF3616C57EA4000538EF /* NSString+orNull.h */; settings = {ATTRIBUTES = (Public, ); }; };
		4291FF3916C57EA4000538EF /* NSString+orNull.m in Sources */ = {isa = PBXBuildFile; fileRef = 4291FF3716C57EA4000538EF /* NSString+orNull.m */; };
		429A9C1F1662DC9D00C6068C /* NSObject+invocationForSelector.h in Headers */ = {isa = PBXBuildFile; fileRef = 429A9C1D1662DC9D00C6068C /* NSObject+invocationForSelector.h */; settings = {ATTRIBUTES = (Public, ); }; };
		429A9C201662DC9D00C6068C /* NSObject+invocationForSelector.m in Sources */ = {isa = PBXBuildFile; fileRef = 429A9C1E1662DC9D00C6068C /* NSObject+invocationForSelector.m */; };
		429B238416D17A7F003D6BE2 /* NSObject_KVCArrayForwarding.h in Headers */ = {isa = PBXBuildFile; fileRef = 429B238216D17A7F003D6BE2 /* NSObject_KVCArrayForwarding.h */; settings = {ATTRIBUTES = (Public, ); }; };
		429B238516D17A7F003D6BE2 /* NSObject_KVCArrayForwarding.m in Sources */ = {isa = PBXBuildFile; fileRef = 429B238316D17A7F003D6BE2 /* NSObject_KVCArrayForwarding.m */; };
		42AC0B19165CA0B2002E846E /* Null.h in Headers */ = {isa = PBXBuildFile; fileRef = 42AC0B16165C9FBB002E846E /* Null.h */; settings = {ATTRIBUTES = (Public, ); }; };
		42AC0B1B165CA111002E846E /* TypeExtensions.h in Headers */ = {isa = PBXBuildFile; fileRef = 420D1AAC165BF5020097EE03 /* TypeExtensions.h */; settings = {ATTRIBUTES = (Public, ); }; };
		42BA0C3516707B2C0066DD1A /* NSString+urlValue.h in Headers */ = {isa = PBXBuildFile; fileRef = 42BA0C3316707B2C0066DD1A /* NSString+urlValue.h */; settings = {ATTRIBUTES = (Public, ); }; };
		42BA0C3616707B2C0066DD1A /* NSString+urlValue.m in Sources */ = {isa = PBXBuildFile; fileRef = 42BA0C3416707B2C0066DD1A /* NSString+urlValue.m */; };
		42D8076016CE206A002885D0 /* Value.h in Headers */ = {isa = PBXBuildFile; fileRef = 4202873016CC23F900F2C92A /* Value.h */; settings = {ATTRIBUTES = (Public, ); }; };
		42DFF307165DFBE6003F26DA /* NSData+stringValue.h in Headers */ = {isa = PBXBuildFile; fileRef = 42DFF305165DFBE6003F26DA /* NSData+stringValue.h */; settings = {ATTRIBUTES = (Public, ); }; };
		42DFF308165DFBE6003F26DA /* NSData+stringValue.m in Sources */ = {isa = PBXBuildFile; fileRef = 42DFF306165DFBE6003F26DA /* NSData+stringValue.m */; };
		42F0174216C88FB700B37419 /* NSNotificationCenter+errorCenter.h in Headers */ = {isa = PBXBuildFile; fileRef = 42F0174016C88FB700B37419 /* NSNotificationCenter+errorCenter.h */; settings = {ATTRIBUTES = (Public, ); }; };
		42F0174316C88FB700B37419 /* NSNotificationCenter+errorCenter.m in Sources */ = {isa = PBXBuildFile; fileRef = 42F0174116C88FB700B37419 /* NSNotificationCenter+errorCenter.m */; };
		42F06AD217B864AA004F2F06 /* NSObject_Singleton.h in Headers */ = {isa = PBXBuildFile; fileRef = 42F06AD017B864AA004F2F06 /* NSObject_Singleton.h */; settings = {ATTRIBUTES = (Public, ); }; };
		42F06AD317B864AA004F2F06 /* NSObject_Singleton.m in Sources */ = {isa = PBXBuildFile; fileRef = 42F06AD117B864AA004F2F06 /* NSObject_Singleton.m */; };
		42F3D73416C1979300B353F7 /* NSObject_KVCUndefined.h in Headers */ = {isa = PBXBuildFile; fileRef = 42F3D73216C1979300B353F7 /* NSObject_KVCUndefined.h */; settings = {ATTRIBUTES = (Public, ); }; };
		42F3D73516C1979300B353F7 /* NSObject_KVCUndefined.m in Sources */ = {isa = PBXBuildFile; fileRef = 42F3D73316C1979300B353F7 /* NSObject_KVCUndefined.m */; };
		42F3D73A16C197E000B353F7 /* NSDictionary+entrySet.h in Headers */ = {isa = PBXBuildFile; fileRef = 42F3D73616C197E000B353F7 /* NSDictionary+entrySet.h */; settings = {ATTRIBUTES = (Public, ); }; };
		42F3D73B16C197E000B353F7 /* NSDictionary+entrySet.m in Sources */ = {isa = PBXBuildFile; fileRef = 42F3D73716C197E000B353F7 /* NSDictionary+entrySet.m */; };
		42F3D73C16C197E000B353F7 /* NSDictionaryEntrySetEntry.h in Headers */ = {isa = PBXBuildFile; fileRef = 42F3D73816C197E000B353F7 /* NSDictionaryEntrySetEntry.h */; settings = {ATTRIBUTES = (Public, ); }; };
		42F3D73D16C197E000B353F7 /* NSDictionaryEntrySetEntry.m in Sources */ = {isa = PBXBuildFile; fileRef = 42F3D73916C197E000B353F7 /* NSDictionaryEntrySetEntry.m */; };
		42F3D74016C1986C00B353F7 /* KVC.h in Headers */ = {isa = PBXBuildFile; fileRef = 42F3D73F16C1985600B353F7 /* KVC.h */; settings = {ATTRIBUTES = (Public, ); }; };
		42F3D74116C1986F00B353F7 /* Misc.h in Headers */ = {isa = PBXBuildFile; fileRef = 42F3D73E16C1980000B353F7 /* Misc.h */; settings = {ATTRIBUTES = (Public, ); }; };
/* End PBXBuildFile section */

/* Begin PBXFileReference section */
		4202873016CC23F900F2C92A /* Value.h */ = {isa = PBXFileReference; lastKnownFileType = sourcecode.c.h; path = Value.h; sourceTree = "<group>"; };
		4202873116CC241600F2C92A /* NSString+dateValue.h */ = {isa = PBXFileReference; fileEncoding = 4; lastKnownFileType = sourcecode.c.h; path = "NSString+dateValue.h"; sourceTree = "<group>"; };
		4202873216CC241600F2C92A /* NSString+dateValue.m */ = {isa = PBXFileReference; fileEncoding = 4; lastKnownFileType = sourcecode.c.objc; path = "NSString+dateValue.m"; sourceTree = "<group>"; };
		4202873516CC245E00F2C92A /* NSDate+stringValue.h */ = {isa = PBXFileReference; fileEncoding = 4; lastKnownFileType = sourcecode.c.h; path = "NSDate+stringValue.h"; sourceTree = "<group>"; };
		4202873616CC245E00F2C92A /* NSDate+stringValue.m */ = {isa = PBXFileReference; fileEncoding = 4; lastKnownFileType = sourcecode.c.objc; path = "NSDate+stringValue.m"; sourceTree = "<group>"; };
		420D1A9C165BF5020097EE03 /* TypeExtensions.framework */ = {isa = PBXFileReference; explicitFileType = wrapper.framework; includeInIndex = 0; path = TypeExtensions.framework; sourceTree = BUILT_PRODUCTS_DIR; };
		420D1A9F165BF5020097EE03 /* Cocoa.framework */ = {isa = PBXFileReference; lastKnownFileType = wrapper.framework; name = Cocoa.framework; path = System/Library/Frameworks/Cocoa.framework; sourceTree = SDKROOT; };
		420D1AA2165BF5020097EE03 /* AppKit.framework */ = {isa = PBXFileReference; lastKnownFileType = wrapper.framework; name = AppKit.framework; path = System/Library/Frameworks/AppKit.framework; sourceTree = SDKROOT; };
		420D1AA3165BF5020097EE03 /* CoreData.framework */ = {isa = PBXFileReference; lastKnownFileType = wrapper.framework; name = CoreData.framework; path = System/Library/Frameworks/CoreData.framework; sourceTree = SDKROOT; };
		420D1AA4165BF5020097EE03 /* Foundation.framework */ = {isa = PBXFileReference; lastKnownFileType = wrapper.framework; name = Foundation.framework; path = System/Library/Frameworks/Foundation.framework; sourceTree = SDKROOT; };
		420D1AA7165BF5020097EE03 /* TypeExtensions-Info.plist */ = {isa = PBXFileReference; lastKnownFileType = text.plist.xml; path = "TypeExtensions-Info.plist"; sourceTree = "<group>"; };
		420D1AA9165BF5020097EE03 /* en */ = {isa = PBXFileReference; lastKnownFileType = text.plist.strings; name = en; path = en.lproj/InfoPlist.strings; sourceTree = "<group>"; };
		420D1AAB165BF5020097EE03 /* TypeExtensions-Prefix.pch */ = {isa = PBXFileReference; lastKnownFileType = sourcecode.c.h; path = "TypeExtensions-Prefix.pch"; sourceTree = "<group>"; };
		420D1AAC165BF5020097EE03 /* TypeExtensions.h */ = {isa = PBXFileReference; lastKnownFileType = sourcecode.c.h; path = TypeExtensions.h; sourceTree = "<group>"; };
		420D1AB5165BF54D0097EE03 /* NSArray+orNull.h */ = {isa = PBXFileReference; fileEncoding = 4; lastKnownFileType = sourcecode.c.h; path = "NSArray+orNull.h"; sourceTree = "<group>"; };
		420D1AB6165BF54D0097EE03 /* NSArray+orNull.m */ = {isa = PBXFileReference; fileEncoding = 4; lastKnownFileType = sourcecode.c.objc; path = "NSArray+orNull.m"; sourceTree = "<group>"; };
		420D1AB7165BF54D0097EE03 /* NSObject+isNull.h */ = {isa = PBXFileReference; fileEncoding = 4; lastKnownFileType = sourcecode.c.h; path = "NSObject+isNull.h"; sourceTree = "<group>"; };
		420D1AB8165BF54D0097EE03 /* NSObject+isNull.m */ = {isa = PBXFileReference; fileEncoding = 4; lastKnownFileType = sourcecode.c.objc; path = "NSObject+isNull.m"; sourceTree = "<group>"; };
		420D1AB9165BF54D0097EE03 /* NSString+isEmpty.h */ = {isa = PBXFileReference; fileEncoding = 4; lastKnownFileType = sourcecode.c.h; path = "NSString+isEmpty.h"; sourceTree = "<group>"; };
		420D1ABA165BF54D0097EE03 /* NSString+isEmpty.m */ = {isa = PBXFileReference; fileEncoding = 4; lastKnownFileType = sourcecode.c.objc; path = "NSString+isEmpty.m"; sourceTree = "<group>"; };
		420D1ABC165BF54D0097EE03 /* NSDictionary+plistValue.h */ = {isa = PBXFileReference; fileEncoding = 4; lastKnownFileType = sourcecode.c.h; path = "NSDictionary+plistValue.h"; sourceTree = "<group>"; };
		420D1ABD165BF54D0097EE03 /* NSDictionary+plistValue.m */ = {isa = PBXFileReference; fileEncoding = 4; lastKnownFileType = sourcecode.c.objc; path = "NSDictionary+plistValue.m"; sourceTree = "<group>"; };
		420D1ABE165BF54D0097EE03 /* NSString+dataValue.h */ = {isa = PBXFileReference; fileEncoding = 4; lastKnownFileType = sourcecode.c.h; path = "NSString+dataValue.h"; sourceTree = "<group>"; };
		420D1ABF165BF54D0097EE03 /* NSString+dataValue.m */ = {isa = PBXFileReference; fileEncoding = 4; lastKnownFileType = sourcecode.c.objc; path = "NSString+dataValue.m"; sourceTree = "<group>"; };
		420D1AC0165BF54D0097EE03 /* NSString+isNumber.h */ = {isa = PBXFileReference; fileEncoding = 4; lastKnownFileType = sourcecode.c.h; path = "NSString+isNumber.h"; sourceTree = "<group>"; };
		420D1AC1165BF54D0097EE03 /* NSString+isNumber.m */ = {isa = PBXFileReference; fileEncoding = 4; lastKnownFileType = sourcecode.c.objc; path = "NSString+isNumber.m"; sourceTree = "<group>"; };
		420D1AC2165BF54D0097EE03 /* NSString+numberValue.h */ = {isa = PBXFileReference; fileEncoding = 4; lastKnownFileType = sourcecode.c.h; path = "NSString+numberValue.h"; sourceTree = "<group>"; };
		420D1AC3165BF54D0097EE03 /* NSString+numberValue.m */ = {isa = PBXFileReference; fileEncoding = 4; lastKnownFileType = sourcecode.c.objc; path = "NSString+numberValue.m"; sourceTree = "<group>"; };
		420D1AC4165BF54D0097EE03 /* NSString+plistValue.h */ = {isa = PBXFileReference; fileEncoding = 4; lastKnownFileType = sourcecode.c.h; path = "NSString+plistValue.h"; sourceTree = "<group>"; };
		420D1AC5165BF54D0097EE03 /* NSString+plistValue.m */ = {isa = PBXFileReference; fileEncoding = 4; lastKnownFileType = sourcecode.c.objc; path = "NSString+plistValue.m"; sourceTree = "<group>"; };
		423ABBDC17A334B7004F289D /* NSString+characterAtIndexSubscript.h */ = {isa = PBXFileReference; fileEncoding = 4; lastKnownFileType = sourcecode.c.h; name = "NSString+characterAtIndexSubscript.h"; path = "Other Extensions/NSString+characterAtIndexSubscript.h"; sourceTree = "<group>"; };
		423ABBDD17A334B7004F289D /* NSString+characterAtIndexSubscript.m */ = {isa = PBXFileReference; fileEncoding = 4; lastKnownFileType = sourcecode.c.objc; name = "NSString+characterAtIndexSubscript.m"; path = "Other Extensions/NSString+characterAtIndexSubscript.m"; sourceTree = "<group>"; };
		42744BBE1715E3E300A81B7C /* NSObject+abstractClass.h */ = {isa = PBXFileReference; fileEncoding = 4; lastKnownFileType = sourcecode.c.h; name = "NSObject+abstractClass.h"; path = "Other Extensions/NSObject+abstractClass.h"; sourceTree = "<group>"; };
		42744BBF1715E3E300A81B7C /* NSObject+abstractClass.m */ = {isa = PBXFileReference; fileEncoding = 4; lastKnownFileType = sourcecode.c.objc; name = "NSObject+abstractClass.m"; path = "Other Extensions/NSObject+abstractClass.m"; sourceTree = "<group>"; };
		4291FF3616C57EA4000538EF /* NSString+orNull.h */ = {isa = PBXFileReference; fileEncoding = 4; lastKnownFileType = sourcecode.c.h; path = "NSString+orNull.h"; sourceTree = "<group>"; };
		4291FF3716C57EA4000538EF /* NSString+orNull.m */ = {isa = PBXFileReference; fileEncoding = 4; lastKnownFileType = sourcecode.c.objc; path = "NSString+orNull.m"; sourceTree = "<group>"; };
		429A9C1D1662DC9D00C6068C /* NSObject+invocationForSelector.h */ = {isa = PBXFileReference; fileEncoding = 4; lastKnownFileType = sourcecode.c.h; name = "NSObject+invocationForSelector.h"; path = "Other Extensions/NSObject+invocationForSelector.h"; sourceTree = "<group>"; };
		429A9C1E1662DC9D00C6068C /* NSObject+invocationForSelector.m */ = {isa = PBXFileReference; fileEncoding = 4; lastKnownFileType = sourcecode.c.objc; name = "NSObject+invocationForSelector.m"; path = "Other Extensions/NSObject+invocationForSelector.m"; sourceTree = "<group>"; };
		429B238216D17A7F003D6BE2 /* NSObject_KVCArrayForwarding.h */ = {isa = PBXFileReference; fileEncoding = 4; lastKnownFileType = sourcecode.c.h; name = NSObject_KVCArrayForwarding.h; path = "KVC Extensions/NSObject_KVCArrayForwarding.h"; sourceTree = "<group>"; };
		429B238316D17A7F003D6BE2 /* NSObject_KVCArrayForwarding.m */ = {isa = PBXFileReference; fileEncoding = 4; lastKnownFileType = sourcecode.c.objc; name = NSObject_KVCArrayForwarding.m; path = "KVC Extensions/NSObject_KVCArrayForwarding.m"; sourceTree = "<group>"; };
		42AC0B16165C9FBB002E846E /* Null.h */ = {isa = PBXFileReference; lastKnownFileType = sourcecode.c.h; path = Null.h; sourceTree = "<group>"; };
		42BA0C3316707B2C0066DD1A /* NSString+urlValue.h */ = {isa = PBXFileReference; fileEncoding = 4; lastKnownFileType = sourcecode.c.h; path = "NSString+urlValue.h"; sourceTree = "<group>"; };
		42BA0C3416707B2C0066DD1A /* NSString+urlValue.m */ = {isa = PBXFileReference; fileEncoding = 4; lastKnownFileType = sourcecode.c.objc; path = "NSString+urlValue.m"; sourceTree = "<group>"; };
		42DFF305165DFBE6003F26DA /* NSData+stringValue.h */ = {isa = PBXFileReference; fileEncoding = 4; lastKnownFileType = sourcecode.c.h; path = "NSData+stringValue.h"; sourceTree = "<group>"; };
		42DFF306165DFBE6003F26DA /* NSData+stringValue.m */ = {isa = PBXFileReference; fileEncoding = 4; lastKnownFileType = sourcecode.c.objc; path = "NSData+stringValue.m"; sourceTree = "<group>"; };
		42F0174016C88FB700B37419 /* NSNotificationCenter+errorCenter.h */ = {isa = PBXFileReference; fileEncoding = 4; lastKnownFileType = sourcecode.c.h; name = "NSNotificationCenter+errorCenter.h"; path = "Notification Extensions/NSNotificationCenter+errorCenter.h"; sourceTree = "<group>"; };
		42F0174116C88FB700B37419 /* NSNotificationCenter+errorCenter.m */ = {isa = PBXFileReference; fileEncoding = 4; lastKnownFileType = sourcecode.c.objc; name = "NSNotificationCenter+errorCenter.m"; path = "Notification Extensions/NSNotificationCenter+errorCenter.m"; sourceTree = "<group>"; };
		42F06AD017B864AA004F2F06 /* NSObject_Singleton.h */ = {isa = PBXFileReference; fileEncoding = 4; lastKnownFileType = sourcecode.c.h; name = NSObject_Singleton.h; path = "Other Extensions/NSObject_Singleton.h"; sourceTree = "<group>"; };
		42F06AD117B864AA004F2F06 /* NSObject_Singleton.m */ = {isa = PBXFileReference; fileEncoding = 4; lastKnownFileType = sourcecode.c.objc; name = NSObject_Singleton.m; path = "Other Extensions/NSObject_Singleton.m"; sourceTree = "<group>"; };
		42F3D73216C1979300B353F7 /* NSObject_KVCUndefined.h */ = {isa = PBXFileReference; fileEncoding = 4; lastKnownFileType = sourcecode.c.h; name = NSObject_KVCUndefined.h; path = "KVC Extensions/NSObject_KVCUndefined.h"; sourceTree = "<group>"; };
		42F3D73316C1979300B353F7 /* NSObject_KVCUndefined.m */ = {isa = PBXFileReference; fileEncoding = 4; lastKnownFileType = sourcecode.c.objc; name = NSObject_KVCUndefined.m; path = "KVC Extensions/NSObject_KVCUndefined.m"; sourceTree = "<group>"; };
		42F3D73616C197E000B353F7 /* NSDictionary+entrySet.h */ = {isa = PBXFileReference; fileEncoding = 4; lastKnownFileType = sourcecode.c.h; name = "NSDictionary+entrySet.h"; path = "Other Extensions/NSDictionary+entrySet.h"; sourceTree = "<group>"; };
		42F3D73716C197E000B353F7 /* NSDictionary+entrySet.m */ = {isa = PBXFileReference; fileEncoding = 4; lastKnownFileType = sourcecode.c.objc; name = "NSDictionary+entrySet.m"; path = "Other Extensions/NSDictionary+entrySet.m"; sourceTree = "<group>"; };
		42F3D73816C197E000B353F7 /* NSDictionaryEntrySetEntry.h */ = {isa = PBXFileReference; fileEncoding = 4; lastKnownFileType = sourcecode.c.h; name = NSDictionaryEntrySetEntry.h; path = "Other Extensions/NSDictionaryEntrySetEntry.h"; sourceTree = "<group>"; };
		42F3D73916C197E000B353F7 /* NSDictionaryEntrySetEntry.m */ = {isa = PBXFileReference; fileEncoding = 4; lastKnownFileType = sourcecode.c.objc; name = NSDictionaryEntrySetEntry.m; path = "Other Extensions/NSDictionaryEntrySetEntry.m"; sourceTree = "<group>"; };
		42F3D73E16C1980000B353F7 /* Misc.h */ = {isa = PBXFileReference; lastKnownFileType = sourcecode.c.h; name = Misc.h; path = "Other Extensions/Misc.h"; sourceTree = "<group>"; };
		42F3D73F16C1985600B353F7 /* KVC.h */ = {isa = PBXFileReference; lastKnownFileType = sourcecode.c.h; name = KVC.h; path = "KVC Extensions/KVC.h"; sourceTree = "<group>"; };
/* End PBXFileReference section */

/* Begin PBXFrameworksBuildPhase section */
		420D1A98165BF5020097EE03 /* Frameworks */ = {
			isa = PBXFrameworksBuildPhase;
			buildActionMask = 2147483647;
			files = (
				420D1AA0165BF5020097EE03 /* Cocoa.framework in Frameworks */,
			);
			runOnlyForDeploymentPostprocessing = 0;
		};
/* End PBXFrameworksBuildPhase section */

/* Begin PBXGroup section */
		420D1A90165BF5020097EE03 = {
			isa = PBXGroup;
			children = (
				420D1AA5165BF5020097EE03 /* TypeExtensions */,
				420D1A9E165BF5020097EE03 /* Frameworks */,
				420D1A9D165BF5020097EE03 /* Products */,
			);
			sourceTree = "<group>";
		};
		420D1A9D165BF5020097EE03 /* Products */ = {
			isa = PBXGroup;
			children = (
				420D1A9C165BF5020097EE03 /* TypeExtensions.framework */,
			);
			name = Products;
			sourceTree = "<group>";
		};
		420D1A9E165BF5020097EE03 /* Frameworks */ = {
			isa = PBXGroup;
			children = (
				420D1A9F165BF5020097EE03 /* Cocoa.framework */,
				420D1AA1165BF5020097EE03 /* Other Frameworks */,
			);
			name = Frameworks;
			sourceTree = "<group>";
		};
		420D1AA1165BF5020097EE03 /* Other Frameworks */ = {
			isa = PBXGroup;
			children = (
				420D1AA2165BF5020097EE03 /* AppKit.framework */,
				420D1AA3165BF5020097EE03 /* CoreData.framework */,
				420D1AA4165BF5020097EE03 /* Foundation.framework */,
			);
			name = "Other Frameworks";
			sourceTree = "<group>";
		};
		420D1AA5165BF5020097EE03 /* TypeExtensions */ = {
			isa = PBXGroup;
			children = (
				42F0173F16C88F8E00B37419 /* Notification Extensions */,
				420D1AB4165BF54D0097EE03 /* Null Extensions */,
				42F3D73116C196F800B353F7 /* KVC Extensions */,
				420D1ABB165BF54D0097EE03 /* Value Extensions */,
				429A9C1B1662DC7D00C6068C /* Other Extensions */,
				420D1AA6165BF5020097EE03 /* Supporting Files */,
			);
			path = TypeExtensions;
			sourceTree = "<group>";
		};
		420D1AA6165BF5020097EE03 /* Supporting Files */ = {
			isa = PBXGroup;
			children = (
				420D1AAC165BF5020097EE03 /* TypeExtensions.h */,
				420D1AA7165BF5020097EE03 /* TypeExtensions-Info.plist */,
				420D1AA8165BF5020097EE03 /* InfoPlist.strings */,
				420D1AAB165BF5020097EE03 /* TypeExtensions-Prefix.pch */,
			);
			name = "Supporting Files";
			sourceTree = "<group>";
		};
		420D1AB4165BF54D0097EE03 /* Null Extensions */ = {
			isa = PBXGroup;
			children = (
				42AC0B16165C9FBB002E846E /* Null.h */,
				420D1AB7165BF54D0097EE03 /* NSObject+isNull.h */,
				420D1AB8165BF54D0097EE03 /* NSObject+isNull.m */,
				420D1AB9165BF54D0097EE03 /* NSString+isEmpty.h */,
				420D1ABA165BF54D0097EE03 /* NSString+isEmpty.m */,
				420D1AB5165BF54D0097EE03 /* NSArray+orNull.h */,
				420D1AB6165BF54D0097EE03 /* NSArray+orNull.m */,
				4291FF3616C57EA4000538EF /* NSString+orNull.h */,
				4291FF3716C57EA4000538EF /* NSString+orNull.m */,
			);
			path = "Null Extensions";
			sourceTree = "<group>";
		};
		420D1ABB165BF54D0097EE03 /* Value Extensions */ = {
			isa = PBXGroup;
			children = (
				4202873016CC23F900F2C92A /* Value.h */,
				420D1AC0165BF54D0097EE03 /* NSString+isNumber.h */,
				420D1AC1165BF54D0097EE03 /* NSString+isNumber.m */,
				42BA0C3316707B2C0066DD1A /* NSString+urlValue.h */,
				42BA0C3416707B2C0066DD1A /* NSString+urlValue.m */,
				420D1AC2165BF54D0097EE03 /* NSString+numberValue.h */,
				420D1AC3165BF54D0097EE03 /* NSString+numberValue.m */,
				420D1ABE165BF54D0097EE03 /* NSString+dataValue.h */,
				420D1ABF165BF54D0097EE03 /* NSString+dataValue.m */,
				42DFF305165DFBE6003F26DA /* NSData+stringValue.h */,
				42DFF306165DFBE6003F26DA /* NSData+stringValue.m */,
				420D1AC4165BF54D0097EE03 /* NSString+plistValue.h */,
				420D1AC5165BF54D0097EE03 /* NSString+plistValue.m */,
				420D1ABC165BF54D0097EE03 /* NSDictionary+plistValue.h */,
				420D1ABD165BF54D0097EE03 /* NSDictionary+plistValue.m */,
				4202873116CC241600F2C92A /* NSString+dateValue.h */,
				4202873216CC241600F2C92A /* NSString+dateValue.m */,
				4202873516CC245E00F2C92A /* NSDate+stringValue.h */,
				4202873616CC245E00F2C92A /* NSDate+stringValue.m */,
			);
			path = "Value Extensions";
			sourceTree = "<group>";
		};
		429A9C1B1662DC7D00C6068C /* Other Extensions */ = {
			isa = PBXGroup;
			children = (
				42F3D73E16C1980000B353F7 /* Misc.h */,
				42F06AD017B864AA004F2F06 /* NSObject_Singleton.h */,
				42F06AD117B864AA004F2F06 /* NSObject_Singleton.m */,
				42F3D73616C197E000B353F7 /* NSDictionary+entrySet.h */,
				42F3D73716C197E000B353F7 /* NSDictionary+entrySet.m */,
				42F3D73816C197E000B353F7 /* NSDictionaryEntrySetEntry.h */,
				42F3D73916C197E000B353F7 /* NSDictionaryEntrySetEntry.m */,
				429A9C1D1662DC9D00C6068C /* NSObject+invocationForSelector.h */,
				429A9C1E1662DC9D00C6068C /* NSObject+invocationForSelector.m */,
				42744BBE1715E3E300A81B7C /* NSObject+abstractClass.h */,
				42744BBF1715E3E300A81B7C /* NSObject+abstractClass.m */,
				423ABBDC17A334B7004F289D /* NSString+characterAtIndexSubscript.h */,
				423ABBDD17A334B7004F289D /* NSString+characterAtIndexSubscript.m */,
			);
			name = "Other Extensions";
			sourceTree = "<group>";
		};
		42F0173F16C88F8E00B37419 /* Notification Extensions */ = {
			isa = PBXGroup;
			children = (
				42F0174016C88FB700B37419 /* NSNotificationCenter+errorCenter.h */,
				42F0174116C88FB700B37419 /* NSNotificationCenter+errorCenter.m */,
			);
			name = "Notification Extensions";
			sourceTree = "<group>";
		};
		42F3D73116C196F800B353F7 /* KVC Extensions */ = {
			isa = PBXGroup;
			children = (
				42F3D73F16C1985600B353F7 /* KVC.h */,
				42F3D73216C1979300B353F7 /* NSObject_KVCUndefined.h */,
				42F3D73316C1979300B353F7 /* NSObject_KVCUndefined.m */,
				429B238216D17A7F003D6BE2 /* NSObject_KVCArrayForwarding.h */,
				429B238316D17A7F003D6BE2 /* NSObject_KVCArrayForwarding.m */,
			);
			name = "KVC Extensions";
			sourceTree = "<group>";
		};
/* End PBXGroup section */

/* Begin PBXHeadersBuildPhase section */
		420D1A99165BF5020097EE03 /* Headers */ = {
			isa = PBXHeadersBuildPhase;
			buildActionMask = 2147483647;
			files = (
				42AC0B1B165CA111002E846E /* TypeExtensions.h in Headers */,
				42AC0B19165CA0B2002E846E /* Null.h in Headers */,
				42F3D74016C1986C00B353F7 /* KVC.h in Headers */,
				42D8076016CE206A002885D0 /* Value.h in Headers */,
				42F3D74116C1986F00B353F7 /* Misc.h in Headers */,
				429A9C1F1662DC9D00C6068C /* NSObject+invocationForSelector.h in Headers */,
				42BA0C3516707B2C0066DD1A /* NSString+urlValue.h in Headers */,
				420D1AC6165BF54D0097EE03 /* NSArray+orNull.h in Headers */,
				420D1AC8165BF54D0097EE03 /* NSObject+isNull.h in Headers */,
				4291FF3816C57EA4000538EF /* NSString+orNull.h in Headers */,
				420D1ACA165BF54D0097EE03 /* NSString+isEmpty.h in Headers */,
				420D1ACC165BF54D0097EE03 /* NSDictionary+plistValue.h in Headers */,
				420D1ACE165BF54D0097EE03 /* NSString+dataValue.h in Headers */,
				42DFF307165DFBE6003F26DA /* NSData+stringValue.h in Headers */,
				420D1AD0165BF54D0097EE03 /* NSString+isNumber.h in Headers */,
				420D1AD2165BF54D0097EE03 /* NSString+numberValue.h in Headers */,
				420D1AD4165BF54D0097EE03 /* NSString+plistValue.h in Headers */,
				42F3D73A16C197E000B353F7 /* NSDictionary+entrySet.h in Headers */,
				42F3D73416C1979300B353F7 /* NSObject_KVCUndefined.h in Headers */,
				42F3D73C16C197E000B353F7 /* NSDictionaryEntrySetEntry.h in Headers */,
				429B238416D17A7F003D6BE2 /* NSObject_KVCArrayForwarding.h in Headers */,
				42F06AD217B864AA004F2F06 /* NSObject_Singleton.h in Headers */,
				42F0174216C88FB700B37419 /* NSNotificationCenter+errorCenter.h in Headers */,
				423ABBDE17A334B7004F289D /* NSString+characterAtIndexSubscript.h in Headers */,
				4202873316CC241600F2C92A /* NSString+dateValue.h in Headers */,
				4202873716CC245E00F2C92A /* NSDate+stringValue.h in Headers */,
				42744BC01715E3E300A81B7C /* NSObject+abstractClass.h in Headers */,
			);
			runOnlyForDeploymentPostprocessing = 0;
		};
/* End PBXHeadersBuildPhase section */

/* Begin PBXNativeTarget section */
		420D1A9B165BF5020097EE03 /* TypeExtensions */ = {
			isa = PBXNativeTarget;
			buildConfigurationList = 420D1AB1165BF5020097EE03 /* Build configuration list for PBXNativeTarget "TypeExtensions" */;
			buildPhases = (
				420D1A97165BF5020097EE03 /* Sources */,
				420D1A98165BF5020097EE03 /* Frameworks */,
				420D1A99165BF5020097EE03 /* Headers */,
				420D1A9A165BF5020097EE03 /* Resources */,
			);
			buildRules = (
			);
			dependencies = (
			);
			name = TypeExtensions;
			productName = TypeExtensions;
			productReference = 420D1A9C165BF5020097EE03 /* TypeExtensions.framework */;
			productType = "com.apple.product-type.framework";
		};
/* End PBXNativeTarget section */

/* Begin PBXProject section */
		420D1A92165BF5020097EE03 /* Project object */ = {
			isa = PBXProject;
			attributes = {
				LastUpgradeCheck = 0460;
				ORGANIZATIONNAME = "Lens Flare";
			};
			buildConfigurationList = 420D1A95165BF5020097EE03 /* Build configuration list for PBXProject "TypeExtensions" */;
			compatibilityVersion = "Xcode 3.2";
			developmentRegion = English;
			hasScannedForEncodings = 0;
			knownRegions = (
				en,
			);
			mainGroup = 420D1A90165BF5020097EE03;
			productRefGroup = 420D1A9D165BF5020097EE03 /* Products */;
			projectDirPath = "";
			projectRoot = "";
			targets = (
				420D1A9B165BF5020097EE03 /* TypeExtensions */,
				42BEDB6C16CE2B83006DF652 /* TE Docs */,
			);
		};
/* End PBXProject section */

/* Begin PBXResourcesBuildPhase section */
		420D1A9A165BF5020097EE03 /* Resources */ = {
			isa = PBXResourcesBuildPhase;
			buildActionMask = 2147483647;
			files = (
				420D1AAA165BF5020097EE03 /* InfoPlist.strings in Resources */,
			);
			runOnlyForDeploymentPostprocessing = 0;
		};
/* End PBXResourcesBuildPhase section */

/* Begin PBXSourcesBuildPhase section */
		420D1A97165BF5020097EE03 /* Sources */ = {
			isa = PBXSourcesBuildPhase;
			buildActionMask = 2147483647;
			files = (
				420D1AC7165BF54D0097EE03 /* NSArray+orNull.m in Sources */,
				420D1AC9165BF54D0097EE03 /* NSObject+isNull.m in Sources */,
				420D1ACB165BF54D0097EE03 /* NSString+isEmpty.m in Sources */,
				420D1ACD165BF54D0097EE03 /* NSDictionary+plistValue.m in Sources */,
				420D1ACF165BF54D0097EE03 /* NSString+dataValue.m in Sources */,
				420D1AD1165BF54D0097EE03 /* NSString+isNumber.m in Sources */,
				420D1AD3165BF54D0097EE03 /* NSString+numberValue.m in Sources */,
				420D1AD5165BF54D0097EE03 /* NSString+plistValue.m in Sources */,
				42DFF308165DFBE6003F26DA /* NSData+stringValue.m in Sources */,
				429A9C201662DC9D00C6068C /* NSObject+invocationForSelector.m in Sources */,
				42BA0C3616707B2C0066DD1A /* NSString+urlValue.m in Sources */,
				42F3D73516C1979300B353F7 /* NSObject_KVCUndefined.m in Sources */,
				42F3D73B16C197E000B353F7 /* NSDictionary+entrySet.m in Sources */,
				42F3D73D16C197E000B353F7 /* NSDictionaryEntrySetEntry.m in Sources */,
				4291FF3916C57EA4000538EF /* NSString+orNull.m in Sources */,
				42F0174316C88FB700B37419 /* NSNotificationCenter+errorCenter.m in Sources */,
				4202873416CC241600F2C92A /* NSString+dateValue.m in Sources */,
				4202873816CC245E00F2C92A /* NSDate+stringValue.m in Sources */,
				429B238516D17A7F003D6BE2 /* NSObject_KVCArrayForwarding.m in Sources */,
				42744BC11715E3E300A81B7C /* NSObject+abstractClass.m in Sources */,
				423ABBDF17A334B7004F289D /* NSString+characterAtIndexSubscript.m in Sources */,
				42F06AD317B864AA004F2F06 /* NSObject_Singleton.m in Sources */,
			);
			runOnlyForDeploymentPostprocessing = 0;
		};
/* End PBXSourcesBuildPhase section */

/* Begin PBXVariantGroup section */
		420D1AA8165BF5020097EE03 /* InfoPlist.strings */ = {
			isa = PBXVariantGroup;
			children = (
				420D1AA9165BF5020097EE03 /* en */,
			);
			name = InfoPlist.strings;
			sourceTree = "<group>";
		};
/* End PBXVariantGroup section */

/* Begin XCBuildConfiguration section */
		420D1AAF165BF5020097EE03 /* Debug */ = {
			isa = XCBuildConfiguration;
			buildSettings = {
				ALWAYS_SEARCH_USER_PATHS = NO;
				ARCHS = "$(ARCHS_STANDARD_64_BIT)";
				CLANG_CXX_LANGUAGE_STANDARD = "gnu++0x";
				CLANG_CXX_LIBRARY = "libc++";
				CLANG_WARN_EMPTY_BODY = YES;
				CLANG_WARN__DUPLICATE_METHOD_MATCH = YES;
				COPY_PHASE_STRIP = NO;
				GCC_C_LANGUAGE_STANDARD = gnu99;
				GCC_DYNAMIC_NO_PIC = NO;
				GCC_ENABLE_OBJC_EXCEPTIONS = YES;
				GCC_OPTIMIZATION_LEVEL = 0;
				GCC_PREPROCESSOR_DEFINITIONS = (
					"DEBUG=1",
					"$(inherited)",
				);
				GCC_SYMBOLS_PRIVATE_EXTERN = NO;
				GCC_WARN_64_TO_32_BIT_CONVERSION = YES;
				GCC_WARN_ABOUT_RETURN_TYPE = YES;
				GCC_WARN_UNINITIALIZED_AUTOS = YES;
				GCC_WARN_UNUSED_VARIABLE = YES;
				MACOSX_DEPLOYMENT_TARGET = 10.8;
				ONLY_ACTIVE_ARCH = YES;
				SDKROOT = macosx;
			};
			name = Debug;
		};
		420D1AB0165BF5020097EE03 /* Release */ = {
			isa = XCBuildConfiguration;
			buildSettings = {
				ALWAYS_SEARCH_USER_PATHS = NO;
				ARCHS = "$(ARCHS_STANDARD_64_BIT)";
				CLANG_CXX_LANGUAGE_STANDARD = "gnu++0x";
				CLANG_CXX_LIBRARY = "libc++";
				CLANG_WARN_EMPTY_BODY = YES;
				CLANG_WARN__DUPLICATE_METHOD_MATCH = YES;
				COPY_PHASE_STRIP = YES;
				DEBUG_INFORMATION_FORMAT = "dwarf-with-dsym";
				GCC_C_LANGUAGE_STANDARD = gnu99;
				GCC_ENABLE_OBJC_EXCEPTIONS = YES;
				GCC_WARN_64_TO_32_BIT_CONVERSION = YES;
				GCC_WARN_ABOUT_RETURN_TYPE = YES;
				GCC_WARN_UNINITIALIZED_AUTOS = YES;
				GCC_WARN_UNUSED_VARIABLE = YES;
				MACOSX_DEPLOYMENT_TARGET = 10.8;
				SDKROOT = macosx;
			};
			name = Release;
		};
		420D1AB2165BF5020097EE03 /* Debug */ = {
			isa = XCBuildConfiguration;
			buildSettings = {
				COMBINE_HIDPI_IMAGES = YES;
				DYLIB_COMPATIBILITY_VERSION = 1;
				DYLIB_CURRENT_VERSION = 1;
				FRAMEWORK_VERSION = A;
				GCC_PRECOMPILE_PREFIX_HEADER = YES;
				GCC_PREFIX_HEADER = "TypeExtensions/TypeExtensions-Prefix.pch";
				INFOPLIST_FILE = "TypeExtensions/TypeExtensions-Info.plist";
				PRODUCT_NAME = "$(TARGET_NAME)";
				WRAPPER_EXTENSION = framework;
			};
			name = Debug;
		};
		420D1AB3165BF5020097EE03 /* Release */ = {
			isa = XCBuildConfiguration;
			buildSettings = {
				COMBINE_HIDPI_IMAGES = YES;
				DYLIB_COMPATIBILITY_VERSION = 1;
				DYLIB_CURRENT_VERSION = 1;
				FRAMEWORK_VERSION = A;
				GCC_PRECOMPILE_PREFIX_HEADER = YES;
				GCC_PREFIX_HEADER = "TypeExtensions/TypeExtensions-Prefix.pch";
				INFOPLIST_FILE = "TypeExtensions/TypeExtensions-Info.plist";
				PRODUCT_NAME = "$(TARGET_NAME)";
				WRAPPER_EXTENSION = framework;
			};
			name = Release;
		};
		42BEDB6D16CE2B83006DF652 /* Debug */ = {
			isa = XCBuildConfiguration;
			buildSettings = {
				COMBINE_HIDPI_IMAGES = YES;
				PRODUCT_NAME = "$(TARGET_NAME)";
			};
			name = Debug;
		};
		42BEDB6E16CE2B83006DF652 /* Release */ = {
			isa = XCBuildConfiguration;
			buildSettings = {
				COMBINE_HIDPI_IMAGES = YES;
				PRODUCT_NAME = "$(TARGET_NAME)";
			};
			name = Release;
		};
/* End XCBuildConfiguration section */

/* Begin XCConfigurationList section */
		420D1A95165BF5020097EE03 /* Build configuration list for PBXProject "TypeExtensions" */ = {
			isa = XCConfigurationList;
			buildConfigurations = (
				420D1AAF165BF5020097EE03 /* Debug */,
				420D1AB0165BF5020097EE03 /* Release */,
			);
			defaultConfigurationIsVisible = 0;
			defaultConfigurationName = Release;
		};
		420D1AB1165BF5020097EE03 /* Build configuration list for PBXNativeTarget "TypeExtensions" */ = {
			isa = XCConfigurationList;
			buildConfigurations = (
				420D1AB2165BF5020097EE03 /* Debug */,
				420D1AB3165BF5020097EE03 /* Release */,
			);
			defaultConfigurationIsVisible = 0;
			defaultConfigurationName = Release;
		};
		42BEDB6F16CE2B83006DF652 /* Build configuration list for PBXAggregateTarget "TE Docs" */ = {
			isa = XCConfigurationList;
			buildConfigurations = (
				42BEDB6D16CE2B83006DF652 /* Debug */,
				42BEDB6E16CE2B83006DF652 /* Release */,
			);
			defaultConfigurationIsVisible = 0;
			defaultConfigurationName = Release;
		};
/* End XCConfigurationList section */
	};
	rootObject = 420D1A92165BF5020097EE03 /* Project object */;
}
