// !$*UTF8*$!
{
	archiveVersion = 1;
	classes = {
	};
	objectVersion = 46;
	objects = {

/* Begin PBXBuildFile section */
		42026AD3183EA04800B1F530 /* XCTest.framework in Frameworks */ = {isa = PBXBuildFile; fileRef = 42877CC1183E8EA400967368 /* XCTest.framework */; };
		42026AE2183EA07900B1F530 /* TECollectionTests.m in Sources */ = {isa = PBXBuildFile; fileRef = 42877CD1183E90F400967368 /* TECollectionTests.m */; };
		42026AE3183EA07900B1F530 /* TEDesignPatternTests.m in Sources */ = {isa = PBXBuildFile; fileRef = 42877CD2183E90F400967368 /* TEDesignPatternTests.m */; };
		42026AE4183EA07900B1F530 /* TEProtocolTests.m in Sources */ = {isa = PBXBuildFile; fileRef = 42877CD3183E90F400967368 /* TEProtocolTests.m */; };
		42026AE5183EA07900B1F530 /* TEStringTests.m in Sources */ = {isa = PBXBuildFile; fileRef = 42877CD4183E90F400967368 /* TEStringTests.m */; };
		42026AE6183EA07900B1F530 /* TENotificationTests.m in Sources */ = {isa = PBXBuildFile; fileRef = 42877CD5183E90F400967368 /* TENotificationTests.m */; };
		42026AE7183EA07900B1F530 /* TENullTests.m in Sources */ = {isa = PBXBuildFile; fileRef = 42877CD6183E90F400967368 /* TENullTests.m */; };
		42026AE8183EA07900B1F530 /* TEKVCTests.m in Sources */ = {isa = PBXBuildFile; fileRef = 42877CD7183E90F400967368 /* TEKVCTests.m */; };
		42026AE9183EA07900B1F530 /* TEValueTests.m in Sources */ = {isa = PBXBuildFile; fileRef = 42877CD8183E90F400967368 /* TEValueTests.m */; };
		42026AEA183EA07900B1F530 /* TEMiscTests.m in Sources */ = {isa = PBXBuildFile; fileRef = 42877CD9183E90F400967368 /* TEMiscTests.m */; };
		42026AEB183EA07900B1F530 /* TypeExtensionsTests.m in Sources */ = {isa = PBXBuildFile; fileRef = 42877CC9183E8EA400967368 /* TypeExtensionsTests.m */; };
		42026AEC183EA16500B1F530 /* TypeExtensions.framework in Frameworks */ = {isa = PBXBuildFile; fileRef = 420D1A9C165BF5020097EE03 /* TypeExtensions.framework */; };
		4202873316CC241600F2C92A /* NSString+dateValue.h in Headers */ = {isa = PBXBuildFile; fileRef = 4202873116CC241600F2C92A /* NSString+dateValue.h */; settings = {ATTRIBUTES = (Public, ); }; };
		4202873416CC241600F2C92A /* NSString+dateValue.m in Sources */ = {isa = PBXBuildFile; fileRef = 4202873216CC241600F2C92A /* NSString+dateValue.m */; };
		4202873716CC245E00F2C92A /* NSDate+stringValue.h in Headers */ = {isa = PBXBuildFile; fileRef = 4202873516CC245E00F2C92A /* NSDate+stringValue.h */; settings = {ATTRIBUTES = (Public, ); }; };
		4202873816CC245E00F2C92A /* NSDate+stringValue.m in Sources */ = {isa = PBXBuildFile; fileRef = 4202873616CC245E00F2C92A /* NSDate+stringValue.m */; };
		420D1AA0165BF5020097EE03 /* Cocoa.framework in Frameworks */ = {isa = PBXBuildFile; fileRef = 420D1A9F165BF5020097EE03 /* Cocoa.framework */; };
		420D1AAA165BF5020097EE03 /* InfoPlist.strings in Resources */ = {isa = PBXBuildFile; fileRef = 420D1AA8165BF5020097EE03 /* InfoPlist.strings */; };
		420D1AC6165BF54D0097EE03 /* NSArray+orNull.h in Headers */ = {isa = PBXBuildFile; fileRef = 420D1AB5165BF54D0097EE03 /* NSArray+orNull.h */; settings = {ATTRIBUTES = (Public, ); }; };
		420D1AC7165BF54D0097EE03 /* NSArray+orNull.m in Sources */ = {isa = PBXBuildFile; fileRef = 420D1AB6165BF54D0097EE03 /* NSArray+orNull.m */; };
		420D1AC8165BF54D0097EE03 /* NSObject+isNull.h in Headers */ = {isa = PBXBuildFile; fileRef = 420D1AB7165BF54D0097EE03 /* NSObject+isNull.h */; settings = {ATTRIBUTES = (Public, ); }; };
		420D1AC9165BF54D0097EE03 /* NSObject+isNull.m in Sources */ = {isa = PBXBuildFile; fileRef = 420D1AB8165BF54D0097EE03 /* NSObject+isNull.m */; };
		420D1ACA165BF54D0097EE03 /* NSString+isEmpty.h in Headers */ = {isa = PBXBuildFile; fileRef = 420D1AB9165BF54D0097EE03 /* NSString+isEmpty.h */; settings = {ATTRIBUTES = (Public, ); }; };
		420D1ACB165BF54D0097EE03 /* NSString+isEmpty.m in Sources */ = {isa = PBXBuildFile; fileRef = 420D1ABA165BF54D0097EE03 /* NSString+isEmpty.m */; };
		420D1ACC165BF54D0097EE03 /* NSDictionary+plistValue.h in Headers */ = {isa = PBXBuildFile; fileRef = 420D1ABC165BF54D0097EE03 /* NSDictionary+plistValue.h */; settings = {ATTRIBUTES = (Public, ); }; };
		420D1ACD165BF54D0097EE03 /* NSDictionary+plistValue.m in Sources */ = {isa = PBXBuildFile; fileRef = 420D1ABD165BF54D0097EE03 /* NSDictionary+plistValue.m */; };
		420D1ACE165BF54D0097EE03 /* NSString+dataValue.h in Headers */ = {isa = PBXBuildFile; fileRef = 420D1ABE165BF54D0097EE03 /* NSString+dataValue.h */; settings = {ATTRIBUTES = (Public, ); }; };
		420D1ACF165BF54D0097EE03 /* NSString+dataValue.m in Sources */ = {isa = PBXBuildFile; fileRef = 420D1ABF165BF54D0097EE03 /* NSString+dataValue.m */; };
		420D1AD0165BF54D0097EE03 /* NSString+isNumber.h in Headers */ = {isa = PBXBuildFile; fileRef = 420D1AC0165BF54D0097EE03 /* NSString+isNumber.h */; settings = {ATTRIBUTES = (Public, ); }; };
		420D1AD1165BF54D0097EE03 /* NSString+isNumber.m in Sources */ = {isa = PBXBuildFile; fileRef = 420D1AC1165BF54D0097EE03 /* NSString+isNumber.m */; };
		420D1AD2165BF54D0097EE03 /* NSString+numberValue.h in Headers */ = {isa = PBXBuildFile; fileRef = 420D1AC2165BF54D0097EE03 /* NSString+numberValue.h */; settings = {ATTRIBUTES = (Public, ); }; };
		420D1AD3165BF54D0097EE03 /* NSString+numberValue.m in Sources */ = {isa = PBXBuildFile; fileRef = 420D1AC3165BF54D0097EE03 /* NSString+numberValue.m */; };
		420D1AD4165BF54D0097EE03 /* NSString+plistValue.h in Headers */ = {isa = PBXBuildFile; fileRef = 420D1AC4165BF54D0097EE03 /* NSString+plistValue.h */; settings = {ATTRIBUTES = (Public, ); }; };
		420D1AD5165BF54D0097EE03 /* NSString+plistValue.m in Sources */ = {isa = PBXBuildFile; fileRef = 420D1AC5165BF54D0097EE03 /* NSString+plistValue.m */; };
		42719C5317C935A6007AAB83 /* Design.h in Headers */ = {isa = PBXBuildFile; fileRef = 42719C5117C9343C007AAB83 /* Design.h */; settings = {ATTRIBUTES = (Public, ); }; };
		42719C5417C935A9007AAB83 /* Protocol.h in Headers */ = {isa = PBXBuildFile; fileRef = 42719C5017C933F8007AAB83 /* Protocol.h */; settings = {ATTRIBUTES = (Public, ); }; };
		42719C5517C935AB007AAB83 /* String.h in Headers */ = {isa = PBXBuildFile; fileRef = 42719C4F17C933AC007AAB83 /* String.h */; settings = {ATTRIBUTES = (Public, ); }; };
		42719C6017C93855007AAB83 /* NSDictionary+entrySet.h in Headers */ = {isa = PBXBuildFile; fileRef = 42719C5C17C93855007AAB83 /* NSDictionary+entrySet.h */; settings = {ATTRIBUTES = (Public, ); }; };
		42719C6117C93855007AAB83 /* NSDictionary+entrySet.m in Sources */ = {isa = PBXBuildFile; fileRef = 42719C5D17C93855007AAB83 /* NSDictionary+entrySet.m */; };
		42719C6217C93855007AAB83 /* NSDictionaryEntrySetEntry.h in Headers */ = {isa = PBXBuildFile; fileRef = 42719C5E17C93855007AAB83 /* NSDictionaryEntrySetEntry.h */; settings = {ATTRIBUTES = (Public, ); }; };
		42719C6317C93855007AAB83 /* NSDictionaryEntrySetEntry.m in Sources */ = {isa = PBXBuildFile; fileRef = 42719C5F17C93855007AAB83 /* NSDictionaryEntrySetEntry.m */; };
		42719C6517C9386A007AAB83 /* Collection.h in Headers */ = {isa = PBXBuildFile; fileRef = 42719C6417C9386A007AAB83 /* Collection.h */; settings = {ATTRIBUTES = (Public, ); }; };
		42719C6C17C93B66007AAB83 /* NSString+random.h in Headers */ = {isa = PBXBuildFile; fileRef = 42719C6A17C93B66007AAB83 /* NSString+random.h */; settings = {ATTRIBUTES = (Public, ); }; };
		42719C6D17C93B66007AAB83 /* NSString+random.m in Sources */ = {isa = PBXBuildFile; fileRef = 42719C6B17C93B66007AAB83 /* NSString+random.m */; };
		42719C7017C9450A007AAB83 /* NSMutableArray_NonRetaining_Zeroing.h in Headers */ = {isa = PBXBuildFile; fileRef = 42719C6E17C9450A007AAB83 /* NSMutableArray_NonRetaining_Zeroing.h */; settings = {ATTRIBUTES = (Public, ); }; };
		42719C7117C9450A007AAB83 /* NSMutableArray_NonRetaining_Zeroing.m in Sources */ = {isa = PBXBuildFile; fileRef = 42719C6F17C9450A007AAB83 /* NSMutableArray_NonRetaining_Zeroing.m */; };
		42719C7917C94F2A007AAB83 /* NSMutableDictionary_NonRetaining_Zeroing.h in Headers */ = {isa = PBXBuildFile; fileRef = 42719C7717C94F2A007AAB83 /* NSMutableDictionary_NonRetaining_Zeroing.h */; settings = {ATTRIBUTES = (Public, ); }; };
		42719C7A17C94F2A007AAB83 /* NSMutableDictionary_NonRetaining_Zeroing.m in Sources */ = {isa = PBXBuildFile; fileRef = 42719C7817C94F2A007AAB83 /* NSMutableDictionary_NonRetaining_Zeroing.m */; };
		427307F017C932F50045A398 /* NSObject+abstractClass.h in Headers */ = {isa = PBXBuildFile; fileRef = 427307DA17C932F50045A398 /* NSObject+abstractClass.h */; settings = {ATTRIBUTES = (Public, ); }; };
		427307F117C932F50045A398 /* NSObject+abstractClass.m in Sources */ = {isa = PBXBuildFile; fileRef = 427307DB17C932F50045A398 /* NSObject+abstractClass.m */; };
		427307F217C932F50045A398 /* NSObject+abstractProtocolConformer.h in Headers */ = {isa = PBXBuildFile; fileRef = 427307DC17C932F50045A398 /* NSObject+abstractProtocolConformer.h */; settings = {ATTRIBUTES = (Public, ); }; };
		427307F317C932F50045A398 /* NSObject+abstractProtocolConformer.m in Sources */ = {isa = PBXBuildFile; fileRef = 427307DD17C932F50045A398 /* NSObject+abstractProtocolConformer.m */; };
		427307F417C932F50045A398 /* NSObject+supersequentImplementation.h in Headers */ = {isa = PBXBuildFile; fileRef = 427307DE17C932F50045A398 /* NSObject+supersequentImplementation.h */; settings = {ATTRIBUTES = (Public, ); }; };
		427307F517C932F50045A398 /* NSObject+supersequentImplementation.m in Sources */ = {isa = PBXBuildFile; fileRef = 427307DF17C932F50045A398 /* NSObject+supersequentImplementation.m */; };
		427307F617C932F50045A398 /* NSObject_Singleton.h in Headers */ = {isa = PBXBuildFile; fileRef = 427307E017C932F50045A398 /* NSObject_Singleton.h */; settings = {ATTRIBUTES = (Public, ); }; };
		427307F717C932F50045A398 /* NSObject_Singleton.m in Sources */ = {isa = PBXBuildFile; fileRef = 427307E117C932F50045A398 /* NSObject_Singleton.m */; };
		427307F817C932F50045A398 /* NSNull+nullForProtocol.h in Headers */ = {isa = PBXBuildFile; fileRef = 427307E317C932F50045A398 /* NSNull+nullForProtocol.h */; settings = {ATTRIBUTES = (Public, ); }; };
		427307F917C932F50045A398 /* NSNull+nullForProtocol.m in Sources */ = {isa = PBXBuildFile; fileRef = 427307E417C932F50045A398 /* NSNull+nullForProtocol.m */; };
		427307FA17C932F50045A398 /* NSObject+methodDescriptionForSelectorInProtocol.h in Headers */ = {isa = PBXBuildFile; fileRef = 427307E517C932F50045A398 /* NSObject+methodDescriptionForSelectorInProtocol.h */; settings = {ATTRIBUTES = (Public, ); }; };
		427307FB17C932F50045A398 /* NSObject+methodDescriptionForSelectorInProtocol.m in Sources */ = {isa = PBXBuildFile; fileRef = 427307E617C932F50045A398 /* NSObject+methodDescriptionForSelectorInProtocol.m */; };
		427307FC17C932F50045A398 /* NSObject_ProtocolConformer.h in Headers */ = {isa = PBXBuildFile; fileRef = 427307E717C932F50045A398 /* NSObject_ProtocolConformer.h */; settings = {ATTRIBUTES = (Public, ); }; };
		427307FD17C932F50045A398 /* NSObject_ProtocolConformer.m in Sources */ = {isa = PBXBuildFile; fileRef = 427307E817C932F50045A398 /* NSObject_ProtocolConformer.m */; };
		427307FE17C932F50045A398 /* NSString+characterAtIndexSubscript.h in Headers */ = {isa = PBXBuildFile; fileRef = 427307EA17C932F50045A398 /* NSString+characterAtIndexSubscript.h */; settings = {ATTRIBUTES = (Public, ); }; };
		427307FF17C932F50045A398 /* NSString+characterAtIndexSubscript.m in Sources */ = {isa = PBXBuildFile; fileRef = 427307EB17C932F50045A398 /* NSString+characterAtIndexSubscript.m */; };
		4273080017C932F50045A398 /* NSString+firstLetterCaseString.h in Headers */ = {isa = PBXBuildFile; fileRef = 427307EC17C932F50045A398 /* NSString+firstLetterCaseString.h */; settings = {ATTRIBUTES = (Public, ); }; };
		4273080117C932F50045A398 /* NSString+firstLetterCaseString.m in Sources */ = {isa = PBXBuildFile; fileRef = 427307ED17C932F50045A398 /* NSString+firstLetterCaseString.m */; };
		4273080217C932F50045A398 /* NSString+isEqualToStringIgnoreCase.h in Headers */ = {isa = PBXBuildFile; fileRef = 427307EE17C932F50045A398 /* NSString+isEqualToStringIgnoreCase.h */; settings = {ATTRIBUTES = (Public, ); }; };
		4273080317C932F50045A398 /* NSString+isEqualToStringIgnoreCase.m in Sources */ = {isa = PBXBuildFile; fileRef = 427307EF17C932F50045A398 /* NSString+isEqualToStringIgnoreCase.m */; };
		42877CAF183DAC4100967368 /* Misc.h in Headers */ = {isa = PBXBuildFile; fileRef = 42877CA4183DAC4100967368 /* Misc.h */; settings = {ATTRIBUTES = (Public, ); }; };
		42877CB0183DAC4100967368 /* NSObject+associatedObject.h in Headers */ = {isa = PBXBuildFile; fileRef = 42877CA5183DAC4100967368 /* NSObject+associatedObject.h */; settings = {ATTRIBUTES = (Public, ); }; };
		42877CB1183DAC4100967368 /* NSObject+associatedObject.m in Sources */ = {isa = PBXBuildFile; fileRef = 42877CA6183DAC4100967368 /* NSObject+associatedObject.m */; };
		42877CB2183DAC4100967368 /* NSObject+DeallocListener.h in Headers */ = {isa = PBXBuildFile; fileRef = 42877CA7183DAC4100967368 /* NSObject+DeallocListener.h */; settings = {ATTRIBUTES = (Public, ); }; };
		42877CB3183DAC4100967368 /* NSObject+DeallocListener.m in Sources */ = {isa = PBXBuildFile; fileRef = 42877CA8183DAC4100967368 /* NSObject+DeallocListener.m */; };
		42877CB4183DAC4100967368 /* NSObject+invocationForSelector.h in Headers */ = {isa = PBXBuildFile; fileRef = 42877CA9183DAC4100967368 /* NSObject+invocationForSelector.h */; settings = {ATTRIBUTES = (Public, ); }; };
		42877CB5183DAC4100967368 /* NSObject+invocationForSelector.m in Sources */ = {isa = PBXBuildFile; fileRef = 42877CAA183DAC4100967368 /* NSObject+invocationForSelector.m */; };
		42877CB6183DAC4100967368 /* NSObject+zeroingWeakReferenceProxy.h in Headers */ = {isa = PBXBuildFile; fileRef = 42877CAB183DAC4100967368 /* NSObject+zeroingWeakReferenceProxy.h */; settings = {ATTRIBUTES = (Public, ); }; };
		42877CB7183DAC4100967368 /* NSObject+zeroingWeakReferenceProxy.m in Sources */ = {isa = PBXBuildFile; fileRef = 42877CAC183DAC4100967368 /* NSObject+zeroingWeakReferenceProxy.m */; };
		42877CBA183DB08900967368 /* NSObject+invokeSafely.h in Headers */ = {isa = PBXBuildFile; fileRef = 42877CB8183DB08900967368 /* NSObject+invokeSafely.h */; settings = {ATTRIBUTES = (Public, ); }; };
		42877CBB183DB08900967368 /* NSObject+invokeSafely.m in Sources */ = {isa = PBXBuildFile; fileRef = 42877CB9183DB08900967368 /* NSObject+invokeSafely.m */; };
		428D034118482D9500303ED4 /* Notification.h in Headers */ = {isa = PBXBuildFile; fileRef = 428D033E18482D9500303ED4 /* Notification.h */; settings = {ATTRIBUTES = (Public, ); }; };
		428D034218482D9500303ED4 /* NSNotificationCenter+errorCenter.h in Headers */ = {isa = PBXBuildFile; fileRef = 428D033F18482D9500303ED4 /* NSNotificationCenter+errorCenter.h */; settings = {ATTRIBUTES = (Public, ); }; };
		428D034318482D9500303ED4 /* NSNotificationCenter+errorCenter.m in Sources */ = {isa = PBXBuildFile; fileRef = 428D034018482D9500303ED4 /* NSNotificationCenter+errorCenter.m */; };
		428D034918482DA700303ED4 /* KVC.h in Headers */ = {isa = PBXBuildFile; fileRef = 428D034418482DA700303ED4 /* KVC.h */; settings = {ATTRIBUTES = (Public, ); }; };
		428D034A18482DA700303ED4 /* NSObject_KVCArrayForwarding.h in Headers */ = {isa = PBXBuildFile; fileRef = 428D034518482DA700303ED4 /* NSObject_KVCArrayForwarding.h */; settings = {ATTRIBUTES = (Public, ); }; };
		428D034B18482DA700303ED4 /* NSObject_KVCArrayForwarding.m in Sources */ = {isa = PBXBuildFile; fileRef = 428D034618482DA700303ED4 /* NSObject_KVCArrayForwarding.m */; };
		428D034C18482DA700303ED4 /* NSObject_KVCUndefined.h in Headers */ = {isa = PBXBuildFile; fileRef = 428D034718482DA700303ED4 /* NSObject_KVCUndefined.h */; settings = {ATTRIBUTES = (Public, ); }; };
		428D034D18482DA700303ED4 /* NSObject_KVCUndefined.m in Sources */ = {isa = PBXBuildFile; fileRef = 428D034818482DA700303ED4 /* NSObject_KVCUndefined.m */; };
		4291FF3816C57EA4000538EF /* NSString+orNull.h in Headers */ = {isa = PBXBuildFile; fileRef = 4291FF3616C57EA4000538EF /* NSString+orNull.h */; settings = {ATTRIBUTES = (Public, ); }; };
		4291FF3916C57EA4000538EF /* NSString+orNull.m in Sources */ = {isa = PBXBuildFile; fileRef = 4291FF3716C57EA4000538EF /* NSString+orNull.m */; };
		42AA1E36183AD5D000003384 /* NSDictionary_BinarySearchTree.h in Headers */ = {isa = PBXBuildFile; fileRef = 42AA1E34183AD5D000003384 /* NSDictionary_BinarySearchTree.h */; settings = {ATTRIBUTES = (Public, ); }; };
		42AA1E37183AD5D000003384 /* NSDictionary_BinarySearchTree.m in Sources */ = {isa = PBXBuildFile; fileRef = 42AA1E35183AD5D000003384 /* NSDictionary_BinarySearchTree.m */; };
		42AC0B19165CA0B2002E846E /* Null.h in Headers */ = {isa = PBXBuildFile; fileRef = 42AC0B16165C9FBB002E846E /* Null.h */; settings = {ATTRIBUTES = (Public, ); }; };
		42AC0B1B165CA111002E846E /* TypeExtensions.h in Headers */ = {isa = PBXBuildFile; fileRef = 420D1AAC165BF5020097EE03 /* TypeExtensions.h */; settings = {ATTRIBUTES = (Public, ); }; };
		42BA0C3516707B2C0066DD1A /* NSString+urlValue.h in Headers */ = {isa = PBXBuildFile; fileRef = 42BA0C3316707B2C0066DD1A /* NSString+urlValue.h */; settings = {ATTRIBUTES = (Public, ); }; };
		42BA0C3616707B2C0066DD1A /* NSString+urlValue.m in Sources */ = {isa = PBXBuildFile; fileRef = 42BA0C3416707B2C0066DD1A /* NSString+urlValue.m */; };
		42D8076016CE206A002885D0 /* Value.h in Headers */ = {isa = PBXBuildFile; fileRef = 4202873016CC23F900F2C92A /* Value.h */; settings = {ATTRIBUTES = (Public, ); }; };
		42DFF307165DFBE6003F26DA /* NSData+stringValue.h in Headers */ = {isa = PBXBuildFile; fileRef = 42DFF305165DFBE6003F26DA /* NSData+stringValue.h */; settings = {ATTRIBUTES = (Public, ); }; };
		42DFF308165DFBE6003F26DA /* NSData+stringValue.m in Sources */ = {isa = PBXBuildFile; fileRef = 42DFF306165DFBE6003F26DA /* NSData+stringValue.m */; };
		42EC2955183F115800AA5BDA /* Dummy.m in Sources */ = {isa = PBXBuildFile; fileRef = 42EC2954183F115800AA5BDA /* Dummy.m */; };
/* End PBXBuildFile section */

/* Begin PBXContainerItemProxy section */
		42026ADD183EA04800B1F530 /* PBXContainerItemProxy */ = {
			isa = PBXContainerItemProxy;
			containerPortal = 420D1A92165BF5020097EE03 /* Project object */;
			proxyType = 1;
			remoteGlobalIDString = 420D1A9B165BF5020097EE03;
			remoteInfo = TypeExtensions;
		};
/* End PBXContainerItemProxy section */

/* Begin PBXFileReference section */
		42026AD2183EA04800B1F530 /* TypeExtensionsTests.xctest */ = {isa = PBXFileReference; explicitFileType = wrapper.cfbundle; includeInIndex = 0; path = TypeExtensionsTests.xctest; sourceTree = BUILT_PRODUCTS_DIR; };
		4202873016CC23F900F2C92A /* Value.h */ = {isa = PBXFileReference; lastKnownFileType = sourcecode.c.h; path = Value.h; sourceTree = "<group>"; };
		4202873116CC241600F2C92A /* NSString+dateValue.h */ = {isa = PBXFileReference; fileEncoding = 4; lastKnownFileType = sourcecode.c.h; path = "NSString+dateValue.h"; sourceTree = "<group>"; };
		4202873216CC241600F2C92A /* NSString+dateValue.m */ = {isa = PBXFileReference; fileEncoding = 4; lastKnownFileType = sourcecode.c.objc; path = "NSString+dateValue.m"; sourceTree = "<group>"; };
		4202873516CC245E00F2C92A /* NSDate+stringValue.h */ = {isa = PBXFileReference; fileEncoding = 4; lastKnownFileType = sourcecode.c.h; path = "NSDate+stringValue.h"; sourceTree = "<group>"; };
		4202873616CC245E00F2C92A /* NSDate+stringValue.m */ = {isa = PBXFileReference; fileEncoding = 4; lastKnownFileType = sourcecode.c.objc; path = "NSDate+stringValue.m"; sourceTree = "<group>"; };
		420D1A9C165BF5020097EE03 /* TypeExtensions.framework */ = {isa = PBXFileReference; explicitFileType = wrapper.framework; includeInIndex = 0; path = TypeExtensions.framework; sourceTree = BUILT_PRODUCTS_DIR; };
		420D1A9F165BF5020097EE03 /* Cocoa.framework */ = {isa = PBXFileReference; lastKnownFileType = wrapper.framework; name = Cocoa.framework; path = System/Library/Frameworks/Cocoa.framework; sourceTree = SDKROOT; };
		420D1AA2165BF5020097EE03 /* AppKit.framework */ = {isa = PBXFileReference; lastKnownFileType = wrapper.framework; name = AppKit.framework; path = System/Library/Frameworks/AppKit.framework; sourceTree = SDKROOT; };
		420D1AA3165BF5020097EE03 /* CoreData.framework */ = {isa = PBXFileReference; lastKnownFileType = wrapper.framework; name = CoreData.framework; path = System/Library/Frameworks/CoreData.framework; sourceTree = SDKROOT; };
		420D1AA4165BF5020097EE03 /* Foundation.framework */ = {isa = PBXFileReference; lastKnownFileType = wrapper.framework; name = Foundation.framework; path = System/Library/Frameworks/Foundation.framework; sourceTree = SDKROOT; };
		420D1AA7165BF5020097EE03 /* TypeExtensions-Info.plist */ = {isa = PBXFileReference; lastKnownFileType = text.plist.xml; path = "TypeExtensions-Info.plist"; sourceTree = "<group>"; };
		420D1AA9165BF5020097EE03 /* en */ = {isa = PBXFileReference; lastKnownFileType = text.plist.strings; name = en; path = en.lproj/InfoPlist.strings; sourceTree = "<group>"; };
		420D1AAB165BF5020097EE03 /* TypeExtensions-Prefix.pch */ = {isa = PBXFileReference; lastKnownFileType = sourcecode.c.h; path = "TypeExtensions-Prefix.pch"; sourceTree = "<group>"; };
		420D1AAC165BF5020097EE03 /* TypeExtensions.h */ = {isa = PBXFileReference; lastKnownFileType = sourcecode.c.h; path = TypeExtensions.h; sourceTree = "<group>"; };
		420D1AB5165BF54D0097EE03 /* NSArray+orNull.h */ = {isa = PBXFileReference; fileEncoding = 4; lastKnownFileType = sourcecode.c.h; path = "NSArray+orNull.h"; sourceTree = "<group>"; };
		420D1AB6165BF54D0097EE03 /* NSArray+orNull.m */ = {isa = PBXFileReference; fileEncoding = 4; lastKnownFileType = sourcecode.c.objc; path = "NSArray+orNull.m"; sourceTree = "<group>"; };
		420D1AB7165BF54D0097EE03 /* NSObject+isNull.h */ = {isa = PBXFileReference; fileEncoding = 4; lastKnownFileType = sourcecode.c.h; path = "NSObject+isNull.h"; sourceTree = "<group>"; };
		420D1AB8165BF54D0097EE03 /* NSObject+isNull.m */ = {isa = PBXFileReference; fileEncoding = 4; lastKnownFileType = sourcecode.c.objc; path = "NSObject+isNull.m"; sourceTree = "<group>"; };
		420D1AB9165BF54D0097EE03 /* NSString+isEmpty.h */ = {isa = PBXFileReference; fileEncoding = 4; lastKnownFileType = sourcecode.c.h; path = "NSString+isEmpty.h"; sourceTree = "<group>"; };
		420D1ABA165BF54D0097EE03 /* NSString+isEmpty.m */ = {isa = PBXFileReference; fileEncoding = 4; lastKnownFileType = sourcecode.c.objc; path = "NSString+isEmpty.m"; sourceTree = "<group>"; };
		420D1ABC165BF54D0097EE03 /* NSDictionary+plistValue.h */ = {isa = PBXFileReference; fileEncoding = 4; lastKnownFileType = sourcecode.c.h; path = "NSDictionary+plistValue.h"; sourceTree = "<group>"; };
		420D1ABD165BF54D0097EE03 /* NSDictionary+plistValue.m */ = {isa = PBXFileReference; fileEncoding = 4; lastKnownFileType = sourcecode.c.objc; path = "NSDictionary+plistValue.m"; sourceTree = "<group>"; };
		420D1ABE165BF54D0097EE03 /* NSString+dataValue.h */ = {isa = PBXFileReference; fileEncoding = 4; lastKnownFileType = sourcecode.c.h; path = "NSString+dataValue.h"; sourceTree = "<group>"; };
		420D1ABF165BF54D0097EE03 /* NSString+dataValue.m */ = {isa = PBXFileReference; fileEncoding = 4; lastKnownFileType = sourcecode.c.objc; path = "NSString+dataValue.m"; sourceTree = "<group>"; };
		420D1AC0165BF54D0097EE03 /* NSString+isNumber.h */ = {isa = PBXFileReference; fileEncoding = 4; lastKnownFileType = sourcecode.c.h; path = "NSString+isNumber.h"; sourceTree = "<group>"; };
		420D1AC1165BF54D0097EE03 /* NSString+isNumber.m */ = {isa = PBXFileReference; fileEncoding = 4; lastKnownFileType = sourcecode.c.objc; path = "NSString+isNumber.m"; sourceTree = "<group>"; };
		420D1AC2165BF54D0097EE03 /* NSString+numberValue.h */ = {isa = PBXFileReference; fileEncoding = 4; lastKnownFileType = sourcecode.c.h; path = "NSString+numberValue.h"; sourceTree = "<group>"; };
		420D1AC3165BF54D0097EE03 /* NSString+numberValue.m */ = {isa = PBXFileReference; fileEncoding = 4; lastKnownFileType = sourcecode.c.objc; path = "NSString+numberValue.m"; sourceTree = "<group>"; };
		420D1AC4165BF54D0097EE03 /* NSString+plistValue.h */ = {isa = PBXFileReference; fileEncoding = 4; lastKnownFileType = sourcecode.c.h; path = "NSString+plistValue.h"; sourceTree = "<group>"; };
		420D1AC5165BF54D0097EE03 /* NSString+plistValue.m */ = {isa = PBXFileReference; fileEncoding = 4; lastKnownFileType = sourcecode.c.objc; path = "NSString+plistValue.m"; sourceTree = "<group>"; };
		42719C4F17C933AC007AAB83 /* String.h */ = {isa = PBXFileReference; lastKnownFileType = sourcecode.c.h; path = String.h; sourceTree = "<group>"; };
		42719C5017C933F8007AAB83 /* Protocol.h */ = {isa = PBXFileReference; lastKnownFileType = sourcecode.c.h; path = Protocol.h; sourceTree = "<group>"; };
		42719C5117C9343C007AAB83 /* Design.h */ = {isa = PBXFileReference; lastKnownFileType = sourcecode.c.h; path = Design.h; sourceTree = "<group>"; };
		42719C5C17C93855007AAB83 /* NSDictionary+entrySet.h */ = {isa = PBXFileReference; fileEncoding = 4; lastKnownFileType = sourcecode.c.h; path = "NSDictionary+entrySet.h"; sourceTree = "<group>"; };
		42719C5D17C93855007AAB83 /* NSDictionary+entrySet.m */ = {isa = PBXFileReference; fileEncoding = 4; lastKnownFileType = sourcecode.c.objc; path = "NSDictionary+entrySet.m"; sourceTree = "<group>"; };
		42719C5E17C93855007AAB83 /* NSDictionaryEntrySetEntry.h */ = {isa = PBXFileReference; fileEncoding = 4; lastKnownFileType = sourcecode.c.h; path = NSDictionaryEntrySetEntry.h; sourceTree = "<group>"; };
		42719C5F17C93855007AAB83 /* NSDictionaryEntrySetEntry.m */ = {isa = PBXFileReference; fileEncoding = 4; lastKnownFileType = sourcecode.c.objc; path = NSDictionaryEntrySetEntry.m; sourceTree = "<group>"; };
		42719C6417C9386A007AAB83 /* Collection.h */ = {isa = PBXFileReference; fileEncoding = 4; lastKnownFileType = sourcecode.c.h; path = Collection.h; sourceTree = "<group>"; };
		42719C6A17C93B66007AAB83 /* NSString+random.h */ = {isa = PBXFileReference; fileEncoding = 4; lastKnownFileType = sourcecode.c.h; path = "NSString+random.h"; sourceTree = "<group>"; };
		42719C6B17C93B66007AAB83 /* NSString+random.m */ = {isa = PBXFileReference; fileEncoding = 4; lastKnownFileType = sourcecode.c.objc; path = "NSString+random.m"; sourceTree = "<group>"; };
		42719C6E17C9450A007AAB83 /* NSMutableArray_NonRetaining_Zeroing.h */ = {isa = PBXFileReference; fileEncoding = 4; lastKnownFileType = sourcecode.c.h; path = NSMutableArray_NonRetaining_Zeroing.h; sourceTree = "<group>"; };
		42719C6F17C9450A007AAB83 /* NSMutableArray_NonRetaining_Zeroing.m */ = {isa = PBXFileReference; fileEncoding = 4; lastKnownFileType = sourcecode.c.objc; path = NSMutableArray_NonRetaining_Zeroing.m; sourceTree = "<group>"; };
		42719C7717C94F2A007AAB83 /* NSMutableDictionary_NonRetaining_Zeroing.h */ = {isa = PBXFileReference; fileEncoding = 4; lastKnownFileType = sourcecode.c.h; path = NSMutableDictionary_NonRetaining_Zeroing.h; sourceTree = "<group>"; };
		42719C7817C94F2A007AAB83 /* NSMutableDictionary_NonRetaining_Zeroing.m */ = {isa = PBXFileReference; fileEncoding = 4; lastKnownFileType = sourcecode.c.objc; path = NSMutableDictionary_NonRetaining_Zeroing.m; sourceTree = "<group>"; };
		427307DA17C932F50045A398 /* NSObject+abstractClass.h */ = {isa = PBXFileReference; fileEncoding = 4; lastKnownFileType = sourcecode.c.h; path = "NSObject+abstractClass.h"; sourceTree = "<group>"; };
		427307DB17C932F50045A398 /* NSObject+abstractClass.m */ = {isa = PBXFileReference; fileEncoding = 4; lastKnownFileType = sourcecode.c.objc; path = "NSObject+abstractClass.m"; sourceTree = "<group>"; };
		427307DC17C932F50045A398 /* NSObject+abstractProtocolConformer.h */ = {isa = PBXFileReference; fileEncoding = 4; lastKnownFileType = sourcecode.c.h; path = "NSObject+abstractProtocolConformer.h"; sourceTree = "<group>"; };
		427307DD17C932F50045A398 /* NSObject+abstractProtocolConformer.m */ = {isa = PBXFileReference; fileEncoding = 4; lastKnownFileType = sourcecode.c.objc; path = "NSObject+abstractProtocolConformer.m"; sourceTree = "<group>"; };
		427307DE17C932F50045A398 /* NSObject+supersequentImplementation.h */ = {isa = PBXFileReference; fileEncoding = 4; lastKnownFileType = sourcecode.c.h; path = "NSObject+supersequentImplementation.h"; sourceTree = "<group>"; };
		427307DF17C932F50045A398 /* NSObject+supersequentImplementation.m */ = {isa = PBXFileReference; fileEncoding = 4; lastKnownFileType = sourcecode.c.objc; path = "NSObject+supersequentImplementation.m"; sourceTree = "<group>"; };
		427307E017C932F50045A398 /* NSObject_Singleton.h */ = {isa = PBXFileReference; fileEncoding = 4; lastKnownFileType = sourcecode.c.h; path = NSObject_Singleton.h; sourceTree = "<group>"; };
		427307E117C932F50045A398 /* NSObject_Singleton.m */ = {isa = PBXFileReference; fileEncoding = 4; lastKnownFileType = sourcecode.c.objc; path = NSObject_Singleton.m; sourceTree = "<group>"; };
		427307E317C932F50045A398 /* NSNull+nullForProtocol.h */ = {isa = PBXFileReference; fileEncoding = 4; lastKnownFileType = sourcecode.c.h; path = "NSNull+nullForProtocol.h"; sourceTree = "<group>"; };
		427307E417C932F50045A398 /* NSNull+nullForProtocol.m */ = {isa = PBXFileReference; fileEncoding = 4; lastKnownFileType = sourcecode.c.objc; path = "NSNull+nullForProtocol.m"; sourceTree = "<group>"; };
		427307E517C932F50045A398 /* NSObject+methodDescriptionForSelectorInProtocol.h */ = {isa = PBXFileReference; fileEncoding = 4; lastKnownFileType = sourcecode.c.h; path = "NSObject+methodDescriptionForSelectorInProtocol.h"; sourceTree = "<group>"; };
		427307E617C932F50045A398 /* NSObject+methodDescriptionForSelectorInProtocol.m */ = {isa = PBXFileReference; fileEncoding = 4; lastKnownFileType = sourcecode.c.objc; path = "NSObject+methodDescriptionForSelectorInProtocol.m"; sourceTree = "<group>"; };
		427307E717C932F50045A398 /* NSObject_ProtocolConformer.h */ = {isa = PBXFileReference; fileEncoding = 4; lastKnownFileType = sourcecode.c.h; path = NSObject_ProtocolConformer.h; sourceTree = "<group>"; };
		427307E817C932F50045A398 /* NSObject_ProtocolConformer.m */ = {isa = PBXFileReference; fileEncoding = 4; lastKnownFileType = sourcecode.c.objc; path = NSObject_ProtocolConformer.m; sourceTree = "<group>"; };
		427307EA17C932F50045A398 /* NSString+characterAtIndexSubscript.h */ = {isa = PBXFileReference; fileEncoding = 4; lastKnownFileType = sourcecode.c.h; path = "NSString+characterAtIndexSubscript.h"; sourceTree = "<group>"; };
		427307EB17C932F50045A398 /* NSString+characterAtIndexSubscript.m */ = {isa = PBXFileReference; fileEncoding = 4; lastKnownFileType = sourcecode.c.objc; path = "NSString+characterAtIndexSubscript.m"; sourceTree = "<group>"; };
		427307EC17C932F50045A398 /* NSString+firstLetterCaseString.h */ = {isa = PBXFileReference; fileEncoding = 4; lastKnownFileType = sourcecode.c.h; path = "NSString+firstLetterCaseString.h"; sourceTree = "<group>"; };
		427307ED17C932F50045A398 /* NSString+firstLetterCaseString.m */ = {isa = PBXFileReference; fileEncoding = 4; lastKnownFileType = sourcecode.c.objc; path = "NSString+firstLetterCaseString.m"; sourceTree = "<group>"; };
		427307EE17C932F50045A398 /* NSString+isEqualToStringIgnoreCase.h */ = {isa = PBXFileReference; fileEncoding = 4; lastKnownFileType = sourcecode.c.h; path = "NSString+isEqualToStringIgnoreCase.h"; sourceTree = "<group>"; };
		427307EF17C932F50045A398 /* NSString+isEqualToStringIgnoreCase.m */ = {isa = PBXFileReference; fileEncoding = 4; lastKnownFileType = sourcecode.c.objc; path = "NSString+isEqualToStringIgnoreCase.m"; sourceTree = "<group>"; };
		42877CA4183DAC4100967368 /* Misc.h */ = {isa = PBXFileReference; fileEncoding = 4; lastKnownFileType = sourcecode.c.h; path = Misc.h; sourceTree = "<group>"; };
		42877CA5183DAC4100967368 /* NSObject+associatedObject.h */ = {isa = PBXFileReference; fileEncoding = 4; lastKnownFileType = sourcecode.c.h; path = "NSObject+associatedObject.h"; sourceTree = "<group>"; };
		42877CA6183DAC4100967368 /* NSObject+associatedObject.m */ = {isa = PBXFileReference; fileEncoding = 4; lastKnownFileType = sourcecode.c.objc; path = "NSObject+associatedObject.m"; sourceTree = "<group>"; };
		42877CA7183DAC4100967368 /* NSObject+DeallocListener.h */ = {isa = PBXFileReference; fileEncoding = 4; lastKnownFileType = sourcecode.c.h; path = "NSObject+DeallocListener.h"; sourceTree = "<group>"; };
		42877CA8183DAC4100967368 /* NSObject+DeallocListener.m */ = {isa = PBXFileReference; fileEncoding = 4; lastKnownFileType = sourcecode.c.objc; path = "NSObject+DeallocListener.m"; sourceTree = "<group>"; };
		42877CA9183DAC4100967368 /* NSObject+invocationForSelector.h */ = {isa = PBXFileReference; fileEncoding = 4; lastKnownFileType = sourcecode.c.h; path = "NSObject+invocationForSelector.h"; sourceTree = "<group>"; };
		42877CAA183DAC4100967368 /* NSObject+invocationForSelector.m */ = {isa = PBXFileReference; fileEncoding = 4; lastKnownFileType = sourcecode.c.objc; path = "NSObject+invocationForSelector.m"; sourceTree = "<group>"; };
		42877CAB183DAC4100967368 /* NSObject+zeroingWeakReferenceProxy.h */ = {isa = PBXFileReference; fileEncoding = 4; lastKnownFileType = sourcecode.c.h; path = "NSObject+zeroingWeakReferenceProxy.h"; sourceTree = "<group>"; };
		42877CAC183DAC4100967368 /* NSObject+zeroingWeakReferenceProxy.m */ = {isa = PBXFileReference; fileEncoding = 4; lastKnownFileType = sourcecode.c.objc; path = "NSObject+zeroingWeakReferenceProxy.m"; sourceTree = "<group>"; };
		42877CB8183DB08900967368 /* NSObject+invokeSafely.h */ = {isa = PBXFileReference; fileEncoding = 4; lastKnownFileType = sourcecode.c.h; path = "NSObject+invokeSafely.h"; sourceTree = "<group>"; };
		42877CB9183DB08900967368 /* NSObject+invokeSafely.m */ = {isa = PBXFileReference; fileEncoding = 4; lastKnownFileType = sourcecode.c.objc; path = "NSObject+invokeSafely.m"; sourceTree = "<group>"; };
		42877CC1183E8EA400967368 /* XCTest.framework */ = {isa = PBXFileReference; lastKnownFileType = wrapper.framework; name = XCTest.framework; path = Library/Frameworks/XCTest.framework; sourceTree = DEVELOPER_DIR; };
		42877CC5183E8EA400967368 /* TypeExtensionsTests-Info.plist */ = {isa = PBXFileReference; lastKnownFileType = text.plist.xml; path = "TypeExtensionsTests-Info.plist"; sourceTree = "<group>"; };
		42877CC7183E8EA400967368 /* en */ = {isa = PBXFileReference; lastKnownFileType = text.plist.strings; name = en; path = en.lproj/InfoPlist.strings; sourceTree = "<group>"; };
		42877CC9183E8EA400967368 /* TypeExtensionsTests.m */ = {isa = PBXFileReference; lastKnownFileType = sourcecode.c.objc; path = TypeExtensionsTests.m; sourceTree = "<group>"; };
		42877CCB183E8EA400967368 /* TypeExtensionsTests-Prefix.pch */ = {isa = PBXFileReference; lastKnownFileType = sourcecode.c.h; path = "TypeExtensionsTests-Prefix.pch"; sourceTree = "<group>"; };
		42877CD1183E90F400967368 /* TECollectionTests.m */ = {isa = PBXFileReference; fileEncoding = 4; lastKnownFileType = sourcecode.c.objc; path = TECollectionTests.m; sourceTree = "<group>"; };
		42877CD2183E90F400967368 /* TEDesignPatternTests.m */ = {isa = PBXFileReference; fileEncoding = 4; lastKnownFileType = sourcecode.c.objc; path = TEDesignPatternTests.m; sourceTree = "<group>"; };
		42877CD3183E90F400967368 /* TEProtocolTests.m */ = {isa = PBXFileReference; fileEncoding = 4; lastKnownFileType = sourcecode.c.objc; path = TEProtocolTests.m; sourceTree = "<group>"; };
		42877CD4183E90F400967368 /* TEStringTests.m */ = {isa = PBXFileReference; fileEncoding = 4; lastKnownFileType = sourcecode.c.objc; path = TEStringTests.m; sourceTree = "<group>"; };
		42877CD5183E90F400967368 /* TENotificationTests.m */ = {isa = PBXFileReference; fileEncoding = 4; lastKnownFileType = sourcecode.c.objc; path = TENotificationTests.m; sourceTree = "<group>"; };
		42877CD6183E90F400967368 /* TENullTests.m */ = {isa = PBXFileReference; fileEncoding = 4; lastKnownFileType = sourcecode.c.objc; path = TENullTests.m; sourceTree = "<group>"; };
		42877CD7183E90F400967368 /* TEKVCTests.m */ = {isa = PBXFileReference; fileEncoding = 4; lastKnownFileType = sourcecode.c.objc; path = TEKVCTests.m; sourceTree = "<group>"; };
		42877CD8183E90F400967368 /* TEValueTests.m */ = {isa = PBXFileReference; fileEncoding = 4; lastKnownFileType = sourcecode.c.objc; path = TEValueTests.m; sourceTree = "<group>"; };
		42877CD9183E90F400967368 /* TEMiscTests.m */ = {isa = PBXFileReference; fileEncoding = 4; lastKnownFileType = sourcecode.c.objc; path = TEMiscTests.m; sourceTree = "<group>"; };
		428D033E18482D9500303ED4 /* Notification.h */ = {isa = PBXFileReference; fileEncoding = 4; lastKnownFileType = sourcecode.c.h; path = Notification.h; sourceTree = "<group>"; };
		428D033F18482D9500303ED4 /* NSNotificationCenter+errorCenter.h */ = {isa = PBXFileReference; fileEncoding = 4; lastKnownFileType = sourcecode.c.h; path = "NSNotificationCenter+errorCenter.h"; sourceTree = "<group>"; };
		428D034018482D9500303ED4 /* NSNotificationCenter+errorCenter.m */ = {isa = PBXFileReference; fileEncoding = 4; lastKnownFileType = sourcecode.c.objc; path = "NSNotificationCenter+errorCenter.m"; sourceTree = "<group>"; };
		428D034418482DA700303ED4 /* KVC.h */ = {isa = PBXFileReference; fileEncoding = 4; lastKnownFileType = sourcecode.c.h; path = KVC.h; sourceTree = "<group>"; };
		428D034518482DA700303ED4 /* NSObject_KVCArrayForwarding.h */ = {isa = PBXFileReference; fileEncoding = 4; lastKnownFileType = sourcecode.c.h; path = NSObject_KVCArrayForwarding.h; sourceTree = "<group>"; };
		428D034618482DA700303ED4 /* NSObject_KVCArrayForwarding.m */ = {isa = PBXFileReference; fileEncoding = 4; lastKnownFileType = sourcecode.c.objc; path = NSObject_KVCArrayForwarding.m; sourceTree = "<group>"; };
		428D034718482DA700303ED4 /* NSObject_KVCUndefined.h */ = {isa = PBXFileReference; fileEncoding = 4; lastKnownFileType = sourcecode.c.h; path = NSObject_KVCUndefined.h; sourceTree = "<group>"; };
		428D034818482DA700303ED4 /* NSObject_KVCUndefined.m */ = {isa = PBXFileReference; fileEncoding = 4; lastKnownFileType = sourcecode.c.objc; path = NSObject_KVCUndefined.m; sourceTree = "<group>"; };
		4291FF3616C57EA4000538EF /* NSString+orNull.h */ = {isa = PBXFileReference; fileEncoding = 4; lastKnownFileType = sourcecode.c.h; path = "NSString+orNull.h"; sourceTree = "<group>"; };
		4291FF3716C57EA4000538EF /* NSString+orNull.m */ = {isa = PBXFileReference; fileEncoding = 4; lastKnownFileType = sourcecode.c.objc; path = "NSString+orNull.m"; sourceTree = "<group>"; };
		42AA1E34183AD5D000003384 /* NSDictionary_BinarySearchTree.h */ = {isa = PBXFileReference; fileEncoding = 4; lastKnownFileType = sourcecode.c.h; path = NSDictionary_BinarySearchTree.h; sourceTree = "<group>"; };
		42AA1E35183AD5D000003384 /* NSDictionary_BinarySearchTree.m */ = {isa = PBXFileReference; fileEncoding = 4; lastKnownFileType = sourcecode.c.objc; path = NSDictionary_BinarySearchTree.m; sourceTree = "<group>"; };
		42AC0B16165C9FBB002E846E /* Null.h */ = {isa = PBXFileReference; lastKnownFileType = sourcecode.c.h; path = Null.h; sourceTree = "<group>"; };
		42BA0C3316707B2C0066DD1A /* NSString+urlValue.h */ = {isa = PBXFileReference; fileEncoding = 4; lastKnownFileType = sourcecode.c.h; path = "NSString+urlValue.h"; sourceTree = "<group>"; };
		42BA0C3416707B2C0066DD1A /* NSString+urlValue.m */ = {isa = PBXFileReference; fileEncoding = 4; lastKnownFileType = sourcecode.c.objc; path = "NSString+urlValue.m"; sourceTree = "<group>"; };
		42DFF305165DFBE6003F26DA /* NSData+stringValue.h */ = {isa = PBXFileReference; fileEncoding = 4; lastKnownFileType = sourcecode.c.h; path = "NSData+stringValue.h"; sourceTree = "<group>"; };
		42DFF306165DFBE6003F26DA /* NSData+stringValue.m */ = {isa = PBXFileReference; fileEncoding = 4; lastKnownFileType = sourcecode.c.objc; path = "NSData+stringValue.m"; sourceTree = "<group>"; };
		42EC2953183F115800AA5BDA /* Dummy.h */ = {isa = PBXFileReference; fileEncoding = 4; lastKnownFileType = sourcecode.c.h; path = Dummy.h; sourceTree = "<group>"; };
		42EC2954183F115800AA5BDA /* Dummy.m */ = {isa = PBXFileReference; fileEncoding = 4; lastKnownFileType = sourcecode.c.objc; path = Dummy.m; sourceTree = "<group>"; };
/* End PBXFileReference section */

/* Begin PBXFrameworksBuildPhase section */
		42026ACF183EA04800B1F530 /* Frameworks */ = {
			isa = PBXFrameworksBuildPhase;
			buildActionMask = 2147483647;
			files = (
				42026AEC183EA16500B1F530 /* TypeExtensions.framework in Frameworks */,
				42026AD3183EA04800B1F530 /* XCTest.framework in Frameworks */,
			);
			runOnlyForDeploymentPostprocessing = 0;
		};
		420D1A98165BF5020097EE03 /* Frameworks */ = {
			isa = PBXFrameworksBuildPhase;
			buildActionMask = 2147483647;
			files = (
				420D1AA0165BF5020097EE03 /* Cocoa.framework in Frameworks */,
			);
			runOnlyForDeploymentPostprocessing = 0;
		};
/* End PBXFrameworksBuildPhase section */

/* Begin PBXGroup section */
		420D1A90165BF5020097EE03 = {
			isa = PBXGroup;
			children = (
				420D1AA5165BF5020097EE03 /* TypeExtensions */,
				42877CC3183E8EA400967368 /* TypeExtensionsTests */,
				420D1A9E165BF5020097EE03 /* Frameworks */,
				420D1A9D165BF5020097EE03 /* Products */,
			);
			sourceTree = "<group>";
		};
		420D1A9D165BF5020097EE03 /* Products */ = {
			isa = PBXGroup;
			children = (
				420D1A9C165BF5020097EE03 /* TypeExtensions.framework */,
				42026AD2183EA04800B1F530 /* TypeExtensionsTests.xctest */,
			);
			name = Products;
			sourceTree = "<group>";
		};
		420D1A9E165BF5020097EE03 /* Frameworks */ = {
			isa = PBXGroup;
			children = (
				420D1A9F165BF5020097EE03 /* Cocoa.framework */,
				42877CC1183E8EA400967368 /* XCTest.framework */,
				420D1AA1165BF5020097EE03 /* Other Frameworks */,
			);
			name = Frameworks;
			sourceTree = "<group>";
		};
		420D1AA1165BF5020097EE03 /* Other Frameworks */ = {
			isa = PBXGroup;
			children = (
				420D1AA2165BF5020097EE03 /* AppKit.framework */,
				420D1AA3165BF5020097EE03 /* CoreData.framework */,
				420D1AA4165BF5020097EE03 /* Foundation.framework */,
			);
			name = "Other Frameworks";
			sourceTree = "<group>";
		};
		420D1AA5165BF5020097EE03 /* TypeExtensions */ = {
			isa = PBXGroup;
			children = (
				42719C5B17C93855007AAB83 /* Collection Extensions */,
				427307D917C932F50045A398 /* Design Pattern Extensions */,
				427307E217C932F50045A398 /* Protocol Extensions */,
				427307E917C932F50045A398 /* String Extensions */,
				42F0173F16C88F8E00B37419 /* Notification Extensions */,
				420D1AB4165BF54D0097EE03 /* Null Extensions */,
				42F3D73116C196F800B353F7 /* KVC Extensions */,
				420D1ABB165BF54D0097EE03 /* Value Extensions */,
				429A9C1B1662DC7D00C6068C /* Other Extensions */,
				420D1AA6165BF5020097EE03 /* Supporting Files */,
			);
			path = TypeExtensions;
			sourceTree = "<group>";
		};
		420D1AA6165BF5020097EE03 /* Supporting Files */ = {
			isa = PBXGroup;
			children = (
				420D1AAC165BF5020097EE03 /* TypeExtensions.h */,
				420D1AA7165BF5020097EE03 /* TypeExtensions-Info.plist */,
				420D1AA8165BF5020097EE03 /* InfoPlist.strings */,
				420D1AAB165BF5020097EE03 /* TypeExtensions-Prefix.pch */,
			);
			name = "Supporting Files";
			sourceTree = "<group>";
		};
		420D1AB4165BF54D0097EE03 /* Null Extensions */ = {
			isa = PBXGroup;
			children = (
				42AC0B16165C9FBB002E846E /* Null.h */,
				420D1AB7165BF54D0097EE03 /* NSObject+isNull.h */,
				420D1AB8165BF54D0097EE03 /* NSObject+isNull.m */,
				420D1AB9165BF54D0097EE03 /* NSString+isEmpty.h */,
				420D1ABA165BF54D0097EE03 /* NSString+isEmpty.m */,
				420D1AB5165BF54D0097EE03 /* NSArray+orNull.h */,
				420D1AB6165BF54D0097EE03 /* NSArray+orNull.m */,
				4291FF3616C57EA4000538EF /* NSString+orNull.h */,
				4291FF3716C57EA4000538EF /* NSString+orNull.m */,
			);
			path = "Null Extensions";
			sourceTree = "<group>";
		};
		420D1ABB165BF54D0097EE03 /* Value Extensions */ = {
			isa = PBXGroup;
			children = (
				4202873016CC23F900F2C92A /* Value.h */,
				420D1AC0165BF54D0097EE03 /* NSString+isNumber.h */,
				420D1AC1165BF54D0097EE03 /* NSString+isNumber.m */,
				42BA0C3316707B2C0066DD1A /* NSString+urlValue.h */,
				42BA0C3416707B2C0066DD1A /* NSString+urlValue.m */,
				420D1AC2165BF54D0097EE03 /* NSString+numberValue.h */,
				420D1AC3165BF54D0097EE03 /* NSString+numberValue.m */,
				420D1ABE165BF54D0097EE03 /* NSString+dataValue.h */,
				420D1ABF165BF54D0097EE03 /* NSString+dataValue.m */,
				42DFF305165DFBE6003F26DA /* NSData+stringValue.h */,
				42DFF306165DFBE6003F26DA /* NSData+stringValue.m */,
				420D1AC4165BF54D0097EE03 /* NSString+plistValue.h */,
				420D1AC5165BF54D0097EE03 /* NSString+plistValue.m */,
				420D1ABC165BF54D0097EE03 /* NSDictionary+plistValue.h */,
				420D1ABD165BF54D0097EE03 /* NSDictionary+plistValue.m */,
				4202873116CC241600F2C92A /* NSString+dateValue.h */,
				4202873216CC241600F2C92A /* NSString+dateValue.m */,
				4202873516CC245E00F2C92A /* NSDate+stringValue.h */,
				4202873616CC245E00F2C92A /* NSDate+stringValue.m */,
			);
			path = "Value Extensions";
			sourceTree = "<group>";
		};
		42719C5B17C93855007AAB83 /* Collection Extensions */ = {
			isa = PBXGroup;
			children = (
				42719C6417C9386A007AAB83 /* Collection.h */,
				42719C5C17C93855007AAB83 /* NSDictionary+entrySet.h */,
				42719C5D17C93855007AAB83 /* NSDictionary+entrySet.m */,
				42719C5E17C93855007AAB83 /* NSDictionaryEntrySetEntry.h */,
				42719C5F17C93855007AAB83 /* NSDictionaryEntrySetEntry.m */,
				42719C6E17C9450A007AAB83 /* NSMutableArray_NonRetaining_Zeroing.h */,
				42719C6F17C9450A007AAB83 /* NSMutableArray_NonRetaining_Zeroing.m */,
				42719C7717C94F2A007AAB83 /* NSMutableDictionary_NonRetaining_Zeroing.h */,
				42719C7817C94F2A007AAB83 /* NSMutableDictionary_NonRetaining_Zeroing.m */,
				42AA1E34183AD5D000003384 /* NSDictionary_BinarySearchTree.h */,
				42AA1E35183AD5D000003384 /* NSDictionary_BinarySearchTree.m */,
			);
			path = "Collection Extensions";
			sourceTree = "<group>";
		};
		427307D917C932F50045A398 /* Design Pattern Extensions */ = {
			isa = PBXGroup;
			children = (
				42719C5117C9343C007AAB83 /* Design.h */,
				427307DA17C932F50045A398 /* NSObject+abstractClass.h */,
				427307DB17C932F50045A398 /* NSObject+abstractClass.m */,
				427307DC17C932F50045A398 /* NSObject+abstractProtocolConformer.h */,
				427307DD17C932F50045A398 /* NSObject+abstractProtocolConformer.m */,
				427307DE17C932F50045A398 /* NSObject+supersequentImplementation.h */,
				427307DF17C932F50045A398 /* NSObject+supersequentImplementation.m */,
				427307E017C932F50045A398 /* NSObject_Singleton.h */,
				427307E117C932F50045A398 /* NSObject_Singleton.m */,
			);
			path = "Design Pattern Extensions";
			sourceTree = "<group>";
		};
		427307E217C932F50045A398 /* Protocol Extensions */ = {
			isa = PBXGroup;
			children = (
				42719C5017C933F8007AAB83 /* Protocol.h */,
				427307E317C932F50045A398 /* NSNull+nullForProtocol.h */,
				427307E417C932F50045A398 /* NSNull+nullForProtocol.m */,
				427307E517C932F50045A398 /* NSObject+methodDescriptionForSelectorInProtocol.h */,
				427307E617C932F50045A398 /* NSObject+methodDescriptionForSelectorInProtocol.m */,
				427307E717C932F50045A398 /* NSObject_ProtocolConformer.h */,
				427307E817C932F50045A398 /* NSObject_ProtocolConformer.m */,
			);
			path = "Protocol Extensions";
			sourceTree = "<group>";
		};
		427307E917C932F50045A398 /* String Extensions */ = {
			isa = PBXGroup;
			children = (
				42719C4F17C933AC007AAB83 /* String.h */,
				427307EA17C932F50045A398 /* NSString+characterAtIndexSubscript.h */,
				427307EB17C932F50045A398 /* NSString+characterAtIndexSubscript.m */,
				427307EC17C932F50045A398 /* NSString+firstLetterCaseString.h */,
				427307ED17C932F50045A398 /* NSString+firstLetterCaseString.m */,
				427307EE17C932F50045A398 /* NSString+isEqualToStringIgnoreCase.h */,
				427307EF17C932F50045A398 /* NSString+isEqualToStringIgnoreCase.m */,
				42719C6A17C93B66007AAB83 /* NSString+random.h */,
				42719C6B17C93B66007AAB83 /* NSString+random.m */,
			);
			path = "String Extensions";
			sourceTree = "<group>";
		};
		42877CC3183E8EA400967368 /* TypeExtensionsTests */ = {
			isa = PBXGroup;
			children = (
				42877CD1183E90F400967368 /* TECollectionTests.m */,
				42877CD2183E90F400967368 /* TEDesignPatternTests.m */,
				42877CD3183E90F400967368 /* TEProtocolTests.m */,
				42877CD4183E90F400967368 /* TEStringTests.m */,
				42877CD5183E90F400967368 /* TENotificationTests.m */,
				42877CD6183E90F400967368 /* TENullTests.m */,
				42877CD7183E90F400967368 /* TEKVCTests.m */,
				42877CD8183E90F400967368 /* TEValueTests.m */,
				42877CD9183E90F400967368 /* TEMiscTests.m */,
				42877CC9183E8EA400967368 /* TypeExtensionsTests.m */,
				42877CC4183E8EA400967368 /* Supporting Files */,
			);
			path = TypeExtensionsTests;
			sourceTree = "<group>";
		};
		42877CC4183E8EA400967368 /* Supporting Files */ = {
			isa = PBXGroup;
			children = (
				42EC2953183F115800AA5BDA /* Dummy.h */,
				42EC2954183F115800AA5BDA /* Dummy.m */,
				42877CC5183E8EA400967368 /* TypeExtensionsTests-Info.plist */,
				42877CC6183E8EA400967368 /* InfoPlist.strings */,
				42877CCB183E8EA400967368 /* TypeExtensionsTests-Prefix.pch */,
			);
			name = "Supporting Files";
			sourceTree = "<group>";
		};
		429A9C1B1662DC7D00C6068C /* Other Extensions */ = {
			isa = PBXGroup;
			children = (
				42877CA4183DAC4100967368 /* Misc.h */,
				42877CA5183DAC4100967368 /* NSObject+associatedObject.h */,
				42877CA6183DAC4100967368 /* NSObject+associatedObject.m */,
				42877CA7183DAC4100967368 /* NSObject+DeallocListener.h */,
				42877CA8183DAC4100967368 /* NSObject+DeallocListener.m */,
				42877CA9183DAC4100967368 /* NSObject+invocationForSelector.h */,
				42877CAA183DAC4100967368 /* NSObject+invocationForSelector.m */,
				42877CAB183DAC4100967368 /* NSObject+zeroingWeakReferenceProxy.h */,
				42877CAC183DAC4100967368 /* NSObject+zeroingWeakReferenceProxy.m */,
				42877CB8183DB08900967368 /* NSObject+invokeSafely.h */,
				42877CB9183DB08900967368 /* NSObject+invokeSafely.m */,
			);
			path = "Other Extensions";
			sourceTree = "<group>";
		};
		42F0173F16C88F8E00B37419 /* Notification Extensions */ = {
			isa = PBXGroup;
			children = (
				428D033E18482D9500303ED4 /* Notification.h */,
				428D033F18482D9500303ED4 /* NSNotificationCenter+errorCenter.h */,
				428D034018482D9500303ED4 /* NSNotificationCenter+errorCenter.m */,
			);
			path = "Notification Extensions";
			sourceTree = "<group>";
		};
		42F3D73116C196F800B353F7 /* KVC Extensions */ = {
			isa = PBXGroup;
			children = (
				428D034418482DA700303ED4 /* KVC.h */,
				428D034518482DA700303ED4 /* NSObject_KVCArrayForwarding.h */,
				428D034618482DA700303ED4 /* NSObject_KVCArrayForwarding.m */,
				428D034718482DA700303ED4 /* NSObject_KVCUndefined.h */,
				428D034818482DA700303ED4 /* NSObject_KVCUndefined.m */,
			);
			path = "KVC Extensions";
			sourceTree = "<group>";
		};
/* End PBXGroup section */

/* Begin PBXHeadersBuildPhase section */
		420D1A99165BF5020097EE03 /* Headers */ = {
			isa = PBXHeadersBuildPhase;
			buildActionMask = 2147483647;
			files = (
				42AC0B1B165CA111002E846E /* TypeExtensions.h in Headers */,
				42719C6517C9386A007AAB83 /* Collection.h in Headers */,
				42719C6017C93855007AAB83 /* NSDictionary+entrySet.h in Headers */,
				42719C6217C93855007AAB83 /* NSDictionaryEntrySetEntry.h in Headers */,
				42719C7017C9450A007AAB83 /* NSMutableArray_NonRetaining_Zeroing.h in Headers */,
				42719C7917C94F2A007AAB83 /* NSMutableDictionary_NonRetaining_Zeroing.h in Headers */,
				42AA1E36183AD5D000003384 /* NSDictionary_BinarySearchTree.h in Headers */,
				42719C5317C935A6007AAB83 /* Design.h in Headers */,
				427307F017C932F50045A398 /* NSObject+abstractClass.h in Headers */,
				427307F217C932F50045A398 /* NSObject+abstractProtocolConformer.h in Headers */,
				427307F417C932F50045A398 /* NSObject+supersequentImplementation.h in Headers */,
				427307F617C932F50045A398 /* NSObject_Singleton.h in Headers */,
				42719C5417C935A9007AAB83 /* Protocol.h in Headers */,
				427307F817C932F50045A398 /* NSNull+nullForProtocol.h in Headers */,
				427307FA17C932F50045A398 /* NSObject+methodDescriptionForSelectorInProtocol.h in Headers */,
				427307FC17C932F50045A398 /* NSObject_ProtocolConformer.h in Headers */,
				42719C5517C935AB007AAB83 /* String.h in Headers */,
				427307FE17C932F50045A398 /* NSString+characterAtIndexSubscript.h in Headers */,
				4273080017C932F50045A398 /* NSString+firstLetterCaseString.h in Headers */,
				4273080217C932F50045A398 /* NSString+isEqualToStringIgnoreCase.h in Headers */,
				42719C6C17C93B66007AAB83 /* NSString+random.h in Headers */,
				428D034118482D9500303ED4 /* Notification.h in Headers */,
				428D034218482D9500303ED4 /* NSNotificationCenter+errorCenter.h in Headers */,
				42AC0B19165CA0B2002E846E /* Null.h in Headers */,
				420D1AC8165BF54D0097EE03 /* NSObject+isNull.h in Headers */,
				420D1ACA165BF54D0097EE03 /* NSString+isEmpty.h in Headers */,
				420D1AC6165BF54D0097EE03 /* NSArray+orNull.h in Headers */,
				4291FF3816C57EA4000538EF /* NSString+orNull.h in Headers */,
				428D034918482DA700303ED4 /* KVC.h in Headers */,
				428D034A18482DA700303ED4 /* NSObject_KVCArrayForwarding.h in Headers */,
				428D034C18482DA700303ED4 /* NSObject_KVCUndefined.h in Headers */,
				42D8076016CE206A002885D0 /* Value.h in Headers */,
				420D1AD0165BF54D0097EE03 /* NSString+isNumber.h in Headers */,
				42BA0C3516707B2C0066DD1A /* NSString+urlValue.h in Headers */,
				420D1AD2165BF54D0097EE03 /* NSString+numberValue.h in Headers */,
				420D1ACE165BF54D0097EE03 /* NSString+dataValue.h in Headers */,
				42DFF307165DFBE6003F26DA /* NSData+stringValue.h in Headers */,
				420D1AD4165BF54D0097EE03 /* NSString+plistValue.h in Headers */,
				420D1ACC165BF54D0097EE03 /* NSDictionary+plistValue.h in Headers */,
				4202873316CC241600F2C92A /* NSString+dateValue.h in Headers */,
				4202873716CC245E00F2C92A /* NSDate+stringValue.h in Headers */,
				42877CAF183DAC4100967368 /* Misc.h in Headers */,
				42877CB0183DAC4100967368 /* NSObject+associatedObject.h in Headers */,
				42877CB2183DAC4100967368 /* NSObject+DeallocListener.h in Headers */,
				42877CB4183DAC4100967368 /* NSObject+invocationForSelector.h in Headers */,
				42877CB6183DAC4100967368 /* NSObject+zeroingWeakReferenceProxy.h in Headers */,
				42877CBA183DB08900967368 /* NSObject+invokeSafely.h in Headers */,
			);
			runOnlyForDeploymentPostprocessing = 0;
		};
/* End PBXHeadersBuildPhase section */

/* Begin PBXNativeTarget section */
		42026AD1183EA04800B1F530 /* TypeExtensionsTests */ = {
			isa = PBXNativeTarget;
			buildConfigurationList = 42026ADF183EA04800B1F530 /* Build configuration list for PBXNativeTarget "TypeExtensionsTests" */;
			buildPhases = (
				42026ACE183EA04800B1F530 /* Sources */,
				42026ACF183EA04800B1F530 /* Frameworks */,
				42026AD0183EA04800B1F530 /* Resources */,
			);
			buildRules = (
			);
			dependencies = (
				42026ADE183EA04800B1F530 /* PBXTargetDependency */,
			);
			name = TypeExtensionsTests;
			productName = TypeExtensionsTests;
			productReference = 42026AD2183EA04800B1F530 /* TypeExtensionsTests.xctest */;
			productType = "com.apple.product-type.bundle.unit-test";
		};
		420D1A9B165BF5020097EE03 /* TypeExtensions */ = {
			isa = PBXNativeTarget;
			buildConfigurationList = 420D1AB1165BF5020097EE03 /* Build configuration list for PBXNativeTarget "TypeExtensions" */;
			buildPhases = (
				420D1A97165BF5020097EE03 /* Sources */,
				420D1A98165BF5020097EE03 /* Frameworks */,
				420D1A99165BF5020097EE03 /* Headers */,
				420D1A9A165BF5020097EE03 /* Resources */,
			);
			buildRules = (
			);
			dependencies = (
			);
			name = TypeExtensions;
			productName = TypeExtensions;
			productReference = 420D1A9C165BF5020097EE03 /* TypeExtensions.framework */;
			productType = "com.apple.product-type.framework";
		};
/* End PBXNativeTarget section */

/* Begin PBXProject section */
		420D1A92165BF5020097EE03 /* Project object */ = {
			isa = PBXProject;
			attributes = {
				LastUpgradeCheck = 0500;
				ORGANIZATIONNAME = "Lens Flare";
				TargetAttributes = {
					42026AD1183EA04800B1F530 = {
						TestTargetID = 420D1A9B165BF5020097EE03;
					};
				};
			};
			buildConfigurationList = 420D1A95165BF5020097EE03 /* Build configuration list for PBXProject "TypeExtensions" */;
			compatibilityVersion = "Xcode 3.2";
			developmentRegion = English;
			hasScannedForEncodings = 0;
			knownRegions = (
				en,
			);
			mainGroup = 420D1A90165BF5020097EE03;
			productRefGroup = 420D1A9D165BF5020097EE03 /* Products */;
			projectDirPath = "";
			projectRoot = "";
			targets = (
				420D1A9B165BF5020097EE03 /* TypeExtensions */,
				42026AD1183EA04800B1F530 /* TypeExtensionsTests */,
			);
		};
/* End PBXProject section */

/* Begin PBXResourcesBuildPhase section */
		42026AD0183EA04800B1F530 /* Resources */ = {
			isa = PBXResourcesBuildPhase;
			buildActionMask = 2147483647;
			files = (
			);
			runOnlyForDeploymentPostprocessing = 0;
		};
		420D1A9A165BF5020097EE03 /* Resources */ = {
			isa = PBXResourcesBuildPhase;
			buildActionMask = 2147483647;
			files = (
				420D1AAA165BF5020097EE03 /* InfoPlist.strings in Resources */,
			);
			runOnlyForDeploymentPostprocessing = 0;
		};
/* End PBXResourcesBuildPhase section */

/* Begin PBXSourcesBuildPhase section */
		42026ACE183EA04800B1F530 /* Sources */ = {
			isa = PBXSourcesBuildPhase;
			buildActionMask = 2147483647;
			files = (
				42026AE4183EA07900B1F530 /* TEProtocolTests.m in Sources */,
				42026AE7183EA07900B1F530 /* TENullTests.m in Sources */,
				42026AE9183EA07900B1F530 /* TEValueTests.m in Sources */,
				42026AEB183EA07900B1F530 /* TypeExtensionsTests.m in Sources */,
				42026AEA183EA07900B1F530 /* TEMiscTests.m in Sources */,
				42EC2955183F115800AA5BDA /* Dummy.m in Sources */,
				42026AE5183EA07900B1F530 /* TEStringTests.m in Sources */,
				42026AE8183EA07900B1F530 /* TEKVCTests.m in Sources */,
				42026AE6183EA07900B1F530 /* TENotificationTests.m in Sources */,
				42026AE2183EA07900B1F530 /* TECollectionTests.m in Sources */,
				42026AE3183EA07900B1F530 /* TEDesignPatternTests.m in Sources */,
			);
			runOnlyForDeploymentPostprocessing = 0;
		};
		420D1A97165BF5020097EE03 /* Sources */ = {
			isa = PBXSourcesBuildPhase;
			buildActionMask = 2147483647;
			files = (
				42719C6117C93855007AAB83 /* NSDictionary+entrySet.m in Sources */,
				42719C6317C93855007AAB83 /* NSDictionaryEntrySetEntry.m in Sources */,
				42719C7117C9450A007AAB83 /* NSMutableArray_NonRetaining_Zeroing.m in Sources */,
				42719C7A17C94F2A007AAB83 /* NSMutableDictionary_NonRetaining_Zeroing.m in Sources */,
				42AA1E37183AD5D000003384 /* NSDictionary_BinarySearchTree.m in Sources */,
				427307F117C932F50045A398 /* NSObject+abstractClass.m in Sources */,
				427307F317C932F50045A398 /* NSObject+abstractProtocolConformer.m in Sources */,
				427307F517C932F50045A398 /* NSObject+supersequentImplementation.m in Sources */,
				427307F717C932F50045A398 /* NSObject_Singleton.m in Sources */,
				427307F917C932F50045A398 /* NSNull+nullForProtocol.m in Sources */,
				427307FB17C932F50045A398 /* NSObject+methodDescriptionForSelectorInProtocol.m in Sources */,
				427307FD17C932F50045A398 /* NSObject_ProtocolConformer.m in Sources */,
				427307FF17C932F50045A398 /* NSString+characterAtIndexSubscript.m in Sources */,
				4273080117C932F50045A398 /* NSString+firstLetterCaseString.m in Sources */,
				4273080317C932F50045A398 /* NSString+isEqualToStringIgnoreCase.m in Sources */,
				42719C6D17C93B66007AAB83 /* NSString+random.m in Sources */,
				428D034318482D9500303ED4 /* NSNotificationCenter+errorCenter.m in Sources */,
				420D1AC9165BF54D0097EE03 /* NSObject+isNull.m in Sources */,
				420D1ACB165BF54D0097EE03 /* NSString+isEmpty.m in Sources */,
				420D1AC7165BF54D0097EE03 /* NSArray+orNull.m in Sources */,
				4291FF3916C57EA4000538EF /* NSString+orNull.m in Sources */,
				428D034B18482DA700303ED4 /* NSObject_KVCArrayForwarding.m in Sources */,
				428D034D18482DA700303ED4 /* NSObject_KVCUndefined.m in Sources */,
				420D1AD1165BF54D0097EE03 /* NSString+isNumber.m in Sources */,
				42BA0C3616707B2C0066DD1A /* NSString+urlValue.m in Sources */,
				420D1AD3165BF54D0097EE03 /* NSString+numberValue.m in Sources */,
				420D1ACF165BF54D0097EE03 /* NSString+dataValue.m in Sources */,
				42DFF308165DFBE6003F26DA /* NSData+stringValue.m in Sources */,
				420D1AD5165BF54D0097EE03 /* NSString+plistValue.m in Sources */,
				420D1ACD165BF54D0097EE03 /* NSDictionary+plistValue.m in Sources */,
				4202873416CC241600F2C92A /* NSString+dateValue.m in Sources */,
				4202873816CC245E00F2C92A /* NSDate+stringValue.m in Sources */,
				42877CB1183DAC4100967368 /* NSObject+associatedObject.m in Sources */,
				42877CB3183DAC4100967368 /* NSObject+DeallocListener.m in Sources */,
				42877CB5183DAC4100967368 /* NSObject+invocationForSelector.m in Sources */,
				42877CB7183DAC4100967368 /* NSObject+zeroingWeakReferenceProxy.m in Sources */,
				42877CBB183DB08900967368 /* NSObject+invokeSafely.m in Sources */,
			);
			runOnlyForDeploymentPostprocessing = 0;
		};
/* End PBXSourcesBuildPhase section */

/* Begin PBXTargetDependency section */
		42026ADE183EA04800B1F530 /* PBXTargetDependency */ = {
			isa = PBXTargetDependency;
			target = 420D1A9B165BF5020097EE03 /* TypeExtensions */;
			targetProxy = 42026ADD183EA04800B1F530 /* PBXContainerItemProxy */;
		};
/* End PBXTargetDependency section */

/* Begin PBXVariantGroup section */
		420D1AA8165BF5020097EE03 /* InfoPlist.strings */ = {
			isa = PBXVariantGroup;
			children = (
				420D1AA9165BF5020097EE03 /* en */,
			);
			name = InfoPlist.strings;
			sourceTree = "<group>";
		};
		42877CC6183E8EA400967368 /* InfoPlist.strings */ = {
			isa = PBXVariantGroup;
			children = (
				42877CC7183E8EA400967368 /* en */,
			);
			name = InfoPlist.strings;
			sourceTree = "<group>";
		};
/* End PBXVariantGroup section */

/* Begin XCBuildConfiguration section */
		42026AE0183EA04800B1F530 /* Debug */ = {
			isa = XCBuildConfiguration;
			buildSettings = {
				CLANG_WARN_BOOL_CONVERSION = YES;
				CLANG_WARN_CONSTANT_CONVERSION = YES;
				CLANG_WARN_DIRECT_OBJC_ISA_USAGE = YES_ERROR;
				CLANG_WARN_ENUM_CONVERSION = YES;
				CLANG_WARN_INT_CONVERSION = YES;
				CLANG_WARN_OBJC_ROOT_CLASS = YES_ERROR;
				FRAMEWORK_SEARCH_PATHS = (
					"$(DEVELOPER_FRAMEWORKS_DIR)",
					"$(inherited)",
				);
				GCC_PRECOMPILE_PREFIX_HEADER = YES;
				GCC_PREFIX_HEADER = "TypeExtensionsTests/TypeExtensionsTests-Prefix.pch";
				GCC_PREPROCESSOR_DEFINITIONS = (
					"DEBUG=1",
					"$(inherited)",
				);
				GCC_WARN_ABOUT_RETURN_TYPE = YES_ERROR;
				GCC_WARN_UNDECLARED_SELECTOR = YES;
				GCC_WARN_UNUSED_FUNCTION = YES;
				INFOPLIST_FILE = "TypeExtensionsTests/TypeExtensionsTests-Info.plist";
				MACOSX_DEPLOYMENT_TARGET = 10.9;
				PRODUCT_NAME = "$(TARGET_NAME)";
				WRAPPER_EXTENSION = xctest;
			};
			name = Debug;
		};
		42026AE1183EA04800B1F530 /* Release */ = {
			isa = XCBuildConfiguration;
			buildSettings = {
				CLANG_WARN_BOOL_CONVERSION = YES;
				CLANG_WARN_CONSTANT_CONVERSION = YES;
				CLANG_WARN_DIRECT_OBJC_ISA_USAGE = YES_ERROR;
				CLANG_WARN_ENUM_CONVERSION = YES;
				CLANG_WARN_INT_CONVERSION = YES;
				CLANG_WARN_OBJC_ROOT_CLASS = YES_ERROR;
				ENABLE_NS_ASSERTIONS = NO;
				FRAMEWORK_SEARCH_PATHS = (
					"$(DEVELOPER_FRAMEWORKS_DIR)",
					"$(inherited)",
				);
				GCC_PRECOMPILE_PREFIX_HEADER = YES;
				GCC_PREFIX_HEADER = "TypeExtensionsTests/TypeExtensionsTests-Prefix.pch";
				GCC_WARN_ABOUT_RETURN_TYPE = YES_ERROR;
				GCC_WARN_UNDECLARED_SELECTOR = YES;
				GCC_WARN_UNUSED_FUNCTION = YES;
				INFOPLIST_FILE = "TypeExtensionsTests/TypeExtensionsTests-Info.plist";
				MACOSX_DEPLOYMENT_TARGET = 10.9;
				PRODUCT_NAME = "$(TARGET_NAME)";
				WRAPPER_EXTENSION = xctest;
			};
			name = Release;
		};
		420D1AAF165BF5020097EE03 /* Debug */ = {
			isa = XCBuildConfiguration;
			buildSettings = {
				ALWAYS_SEARCH_USER_PATHS = YES;
				CLANG_CXX_LANGUAGE_STANDARD = "gnu++0x";
				CLANG_CXX_LIBRARY = "libc++";
				CLANG_WARN_EMPTY_BODY = YES;
				CLANG_WARN__DUPLICATE_METHOD_MATCH = YES;
				COPY_PHASE_STRIP = NO;
				GCC_C_LANGUAGE_STANDARD = gnu99;
				GCC_DYNAMIC_NO_PIC = NO;
				GCC_ENABLE_OBJC_EXCEPTIONS = YES;
				GCC_OPTIMIZATION_LEVEL = 0;
				GCC_PREPROCESSOR_DEFINITIONS = (
					"DEBUG=1",
					"$(inherited)",
				);
				GCC_SYMBOLS_PRIVATE_EXTERN = NO;
				GCC_WARN_64_TO_32_BIT_CONVERSION = YES;
				GCC_WARN_ABOUT_RETURN_TYPE = YES;
				GCC_WARN_UNINITIALIZED_AUTOS = YES;
				GCC_WARN_UNUSED_VARIABLE = YES;
				MACOSX_DEPLOYMENT_TARGET = 10.8;
				ONLY_ACTIVE_ARCH = YES;
				SDKROOT = macosx;
			};
			name = Debug;
		};
		420D1AB0165BF5020097EE03 /* Release */ = {
			isa = XCBuildConfiguration;
			buildSettings = {
				ALWAYS_SEARCH_USER_PATHS = YES;
				CLANG_CXX_LANGUAGE_STANDARD = "gnu++0x";
				CLANG_CXX_LIBRARY = "libc++";
				CLANG_WARN_EMPTY_BODY = YES;
				CLANG_WARN__DUPLICATE_METHOD_MATCH = YES;
				COPY_PHASE_STRIP = YES;
				DEBUG_INFORMATION_FORMAT = "dwarf-with-dsym";
				GCC_C_LANGUAGE_STANDARD = gnu99;
				GCC_ENABLE_OBJC_EXCEPTIONS = YES;
				GCC_WARN_64_TO_32_BIT_CONVERSION = YES;
				GCC_WARN_ABOUT_RETURN_TYPE = YES;
				GCC_WARN_UNINITIALIZED_AUTOS = YES;
				GCC_WARN_UNUSED_VARIABLE = YES;
				MACOSX_DEPLOYMENT_TARGET = 10.8;
				SDKROOT = macosx;
			};
			name = Release;
		};
		420D1AB2165BF5020097EE03 /* Debug */ = {
			isa = XCBuildConfiguration;
			buildSettings = {
				COMBINE_HIDPI_IMAGES = YES;
				DYLIB_COMPATIBILITY_VERSION = 1;
				DYLIB_CURRENT_VERSION = 1;
				FRAMEWORK_VERSION = A;
				GCC_PRECOMPILE_PREFIX_HEADER = YES;
				GCC_PREFIX_HEADER = "TypeExtensions/TypeExtensions-Prefix.pch";
				INFOPLIST_FILE = "TypeExtensions/TypeExtensions-Info.plist";
				PRODUCT_NAME = "$(TARGET_NAME)";
				WRAPPER_EXTENSION = framework;
			};
			name = Debug;
		};
		420D1AB3165BF5020097EE03 /* Release */ = {
			isa = XCBuildConfiguration;
			buildSettings = {
				COMBINE_HIDPI_IMAGES = YES;
				DYLIB_COMPATIBILITY_VERSION = 1;
				DYLIB_CURRENT_VERSION = 1;
				FRAMEWORK_VERSION = A;
				GCC_PRECOMPILE_PREFIX_HEADER = YES;
				GCC_PREFIX_HEADER = "TypeExtensions/TypeExtensions-Prefix.pch";
				INFOPLIST_FILE = "TypeExtensions/TypeExtensions-Info.plist";
				PRODUCT_NAME = "$(TARGET_NAME)";
				WRAPPER_EXTENSION = framework;
			};
			name = Release;
		};
/* End XCBuildConfiguration section */

/* Begin XCConfigurationList section */
		42026ADF183EA04800B1F530 /* Build configuration list for PBXNativeTarget "TypeExtensionsTests" */ = {
			isa = XCConfigurationList;
			buildConfigurations = (
				42026AE0183EA04800B1F530 /* Debug */,
				42026AE1183EA04800B1F530 /* Release */,
			);
			defaultConfigurationIsVisible = 0;
			defaultConfigurationName = Release;
		};
		420D1A95165BF5020097EE03 /* Build configuration list for PBXProject "TypeExtensions" */ = {
			isa = XCConfigurationList;
			buildConfigurations = (
				420D1AAF165BF5020097EE03 /* Debug */,
				420D1AB0165BF5020097EE03 /* Release */,
			);
			defaultConfigurationIsVisible = 0;
			defaultConfigurationName = Release;
		};
		420D1AB1165BF5020097EE03 /* Build configuration list for PBXNativeTarget "TypeExtensions" */ = {
			isa = XCConfigurationList;
			buildConfigurations = (
				420D1AB2165BF5020097EE03 /* Debug */,
				420D1AB3165BF5020097EE03 /* Release */,
			);
			defaultConfigurationIsVisible = 0;
			defaultConfigurationName = Release;
		};
/* End XCConfigurationList section */
	};
	rootObject = 420D1A92165BF5020097EE03 /* Project object */;
}
